--- ../Cargo.lock.orig	2024-06-17 23:06:05 UTC
+++ ../Cargo.lock
@@ -1909,26 +1909,6 @@ checksum = "9028f49264629065d057f340a86acb84867925865f
 checksum = "9028f49264629065d057f340a86acb84867925865f73bbf8d47b4d149a7e88b8"
 
 [[package]]
-name = "jemalloc-sys"
-version = "0.5.4+5.3.0-patched"
-source = "registry+https://github.com/rust-lang/crates.io-index"
-checksum = "ac6c1946e1cea1788cbfde01c993b52a10e2da07f4bac608228d1bed20bfebf2"
-dependencies = [
- "cc",
- "libc",
-]
-
-[[package]]
-name = "jemallocator"
-version = "0.5.4"
-source = "registry+https://github.com/rust-lang/crates.io-index"
-checksum = "a0de374a9f8e63150e6f5e8a60cc14c668226d7a347d8aee1a45766e3c4dd3bc"
-dependencies = [
- "jemalloc-sys",
- "libc",
-]
-
-[[package]]
 name = "jobserver"
 version = "0.1.31"
 source = "registry+https://github.com/rust-lang/crates.io-index"
