{
  "name": "pnpmbin",
  "lockfileVersion": 3,
  "requires": true,
  "packages": {
    "": {
      "dependencies": {
        "pnpm": "^10.18.1"
      }
    },
    "node_modules/pnpm": {
      "version": "10.18.1",
      "resolved": "https://registry.npmjs.org/pnpm/-/pnpm-10.18.1.tgz",
      "integrity": "sha512-d6iEoWXLui2NHBnjtIgO7m0vyr0Nh5Eh4oIZa4AEI1HV6zygk1+lmdodxRJlzGiBatK93Sot5eqf35KtvsfNNA==",
      "license": "MIT",
      "bin": {
        "pnpm": "bin/pnpm.cjs",
        "pnpx": "bin/pnpx.cjs"
      },
      "engines": {
        "node": ">=18.12"
      },
      "funding": {
        "url": "https://opencollective.com/pnpm"
      }
    }
  }
}
