--- Cargo.lock.orig	2025-04-15 07:13:16 UTC
+++ Cargo.lock
@@ -2379,15 +2379,6 @@ checksum = "ff011a302c396a5197692431fc1948019154afc178
 checksum = "ff011a302c396a5197692431fc1948019154afc178baf7d8e37367442a4601cf"
 
 [[package]]
-name = "openssl-src"
-version = "300.1.6+3.1.4"
-source = "registry+https://github.com/rust-lang/crates.io-index"
-checksum = "439fac53e092cd7442a3660c85dde4643ab3b5bd39040912388dcdabf6b88085"
-dependencies = [
- "cc",
-]
-
-[[package]]
 name = "openssl-sys"
 version = "0.9.93"
 source = "registry+https://github.com/rust-lang/crates.io-index"
@@ -2395,7 +2386,6 @@ dependencies = [
 dependencies = [
  "cc",
  "libc",
- "openssl-src",
  "pkg-config",
  "vcpkg",
 ]
@@ -3463,6 +3453,7 @@ dependencies = [
  "libc",
  "ntapi",
  "once_cell",
+ "rayon",
  "winapi",
 ]
 
