--- Cargo.lock.orig	2025-07-18 14:25:27 UTC
+++ Cargo.lock
@@ -918,15 +918,6 @@ checksum = "d6790f58c7ff633d8771f42965289203411a5e5c68
 checksum = "d6790f58c7ff633d8771f42965289203411a5e5c68388703c06e14f24770b41e"
 
 [[package]]
-name = "openssl-src"
-version = "300.5.1+3.5.1"
-source = "registry+https://github.com/rust-lang/crates.io-index"
-checksum = "735230c832b28c000e3bc117119e6466a663ec73506bc0a9907ea4187508e42a"
-dependencies = [
- "cc",
-]
-
-[[package]]
 name = "openssl-sys"
 version = "0.9.109"
 source = "registry+https://github.com/rust-lang/crates.io-index"
@@ -934,7 +925,6 @@ dependencies = [
 dependencies = [
  "cc",
  "libc",
- "openssl-src",
  "pkg-config",
  "vcpkg",
 ]
