--- Cargo.lock.orig	2025-09-06 09:23:21 UTC
+++ Cargo.lock
@@ -925,15 +925,6 @@ checksum = "d6790f58c7ff633d8771f42965289203411a5e5c68
 checksum = "d6790f58c7ff633d8771f42965289203411a5e5c68388703c06e14f24770b41e"
 
 [[package]]
-name = "openssl-src"
-version = "300.5.2+3.5.2"
-source = "registry+https://github.com/rust-lang/crates.io-index"
-checksum = "d270b79e2926f5150189d475bc7e9d2c69f9c4697b185fa917d5a32b792d21b4"
-dependencies = [
- "cc",
-]
-
-[[package]]
 name = "openssl-sys"
 version = "0.9.109"
 source = "registry+https://github.com/rust-lang/crates.io-index"
@@ -941,7 +932,6 @@ dependencies = [
 dependencies = [
  "cc",
  "libc",
- "openssl-src",
  "pkg-config",
  "vcpkg",
 ]
