--- Cargo.lock.orig	2026-09-05 22:19:57 UTC
+++ Cargo.lock
@@ -159,6 +159,26 @@ dependencies = [
 ]
 
 [[package]]
+name = "bindgen"
+version = "0.72.1"
+source = "registry+https://github.com/rust-lang/crates.io-index"
+checksum = "993776b509cfb49c750f11b8f07a46fa23e0a1386ffc01fb1e7d343efc387895"
+dependencies = [
+ "bitflags 2.9.1",
+ "cexpr",
+ "clang-sys",
+ "itertools",
+ "log",
+ "prettyplease",
+ "proc-macro2",
+ "quote",
+ "regex",
+ "rustc-hash",
+ "shlex",
+ "syn 2.0.98",
+]
+
+[[package]]
 name = "bit-set"
 version = "0.5.3"
 source = "registry+https://github.com/rust-lang/crates.io-index"
@@ -244,6 +264,15 @@ dependencies = [
 ]
 
 [[package]]
+name = "cexpr"
+version = "0.6.0"
+source = "registry+https://github.com/rust-lang/crates.io-index"
+checksum = "6fac387a98bb7c37292057cffc56d62ecb629900026402633ae9160df93a8766"
+dependencies = [
+ "nom",
+]
+
+[[package]]
 name = "cfg-if"
 version = "1.0.0"
 source = "registry+https://github.com/rust-lang/crates.io-index"
@@ -271,6 +300,17 @@ dependencies = [
 ]
 
 [[package]]
+name = "clang-sys"
+version = "1.9.1"
+source = "registry+https://github.com/rust-lang/crates.io-index"
+checksum = "157a8ba7b480713b56f4c09fd13fc3e0a22a5dfab8097ba61cbc5feef950788a"
+dependencies = [
+ "glob",
+ "libc",
+ "libloading",
+]
+
+[[package]]
 name = "clap"
 version = "4.3.19"
 source = "registry+https://github.com/rust-lang/crates.io-index"
@@ -795,6 +835,12 @@ checksum = "6fb8d784f27acf97159b40fc4db5ecd8aa23b9ad5e
 checksum = "6fb8d784f27acf97159b40fc4db5ecd8aa23b9ad5ef69cdd136d3bc80665f0c0"
 
 [[package]]
+name = "glob"
+version = "0.3.3"
+source = "registry+https://github.com/rust-lang/crates.io-index"
+checksum = "0cc23270f6e1808e30a928bdc84dea0b9b4136a8bc82338574f23baf47bbd280"
+
+[[package]]
 name = "hashbrown"
 version = "0.14.0"
 source = "registry+https://github.com/rust-lang/crates.io-index"
@@ -894,6 +940,15 @@ dependencies = [
 ]
 
 [[package]]
+name = "itertools"
+version = "0.13.0"
+source = "registry+https://github.com/rust-lang/crates.io-index"
+checksum = "413ee7dfc52ee1a4949ceeb7dbc8a33f2d6c088194d9f922fb8318faf1f01186"
+dependencies = [
+ "either",
+]
+
+[[package]]
 name = "itoa"
 version = "1.0.15"
 source = "registry+https://github.com/rust-lang/crates.io-index"
@@ -927,6 +982,16 @@ checksum = "d750af042f7ef4f724306de029d18836c26c1765a5
 checksum = "d750af042f7ef4f724306de029d18836c26c1765a54a6a3f094cbd23a7267ffa"
 
 [[package]]
+name = "libloading"
+version = "0.8.9"
+source = "registry+https://github.com/rust-lang/crates.io-index"
+checksum = "d7c4b02199fee7c5d21a5ae7d8cfa79a6ef5bb2fc834d6e9058e89c825efdc55"
+dependencies = [
+ "cfg-if",
+ "windows-link",
+]
+
+[[package]]
 name = "link-cplusplus"
 version = "1.0.8"
 source = "registry+https://github.com/rust-lang/crates.io-index"
@@ -1441,6 +1506,16 @@ checksum = "1df8c4ec4b0627e53bdf214615ad287367e482558c
 checksum = "1df8c4ec4b0627e53bdf214615ad287367e482558cf84b109250b37464dc03ae"
 
 [[package]]
+name = "prettyplease"
+version = "0.2.34"
+source = "registry+https://github.com/rust-lang/crates.io-index"
+checksum = "6837b9e10d61f45f987d50808f83d1ee3d206c66acf650c3e4ae2e1f6ddedf55"
+dependencies = [
+ "proc-macro2",
+ "syn 2.0.98",
+]
+
+[[package]]
 name = "print-key"
 version = "0.1.0"
 dependencies = [
@@ -1585,6 +1660,7 @@ dependencies = [
 source = "registry+https://github.com/rust-lang/crates.io-index"
 checksum = "27344601ef27460e82d6a4e1ecb9e7e99f518122095f3c51296da8e9be2b9d83"
 dependencies = [
+ "bindgen",
  "cc",
 ]
 
