--- Source/PicPas.lpi	2020-05-13 13:51:01.804862000 -0500
+++ Source/PicPas.lpi	2020-05-13 14:38:14.698077000 -0500
@@ -25,7 +25,7 @@
           </Target>
           <SearchPaths>
             <IncludeFiles Value="$(ProjOutDir)"/>
-            <OtherUnitFiles Value="..\..\_Librerias\SynFacilUtils-1.21;..\..\_Librerias\MisUtils-0.6;..\..\_Librerias\MiConfig-0.4;..\..\_Librerias\PicUtils-1.4;..\..\_Librerias\Xpres-1.3.2;..\..\_Librerias\UtilsGrilla-0.8;..\..\_Librerias\ogEditGraf-2.3"/>
+            <OtherUnitFiles Value="..\syncfacilutils;..\misutils;..\miconfig;..\picutils;..\txpres;..\utilsgrilla;..\ogeeditgraf"/>
             <UnitOutputDirectory Value="lib\$(TargetCPU)-$(TargetOS)"/>
           </SearchPaths>
           <CodeGeneration>
@@ -309,7 +309,7 @@
     </Target>
     <SearchPaths>
       <IncludeFiles Value="$(ProjOutDir)"/>
-      <OtherUnitFiles Value="..\..\_libraries\SynFacilUtils-1.21;..\..\_libraries\MisUtils-0.6;..\..\_libraries\MiConfig-0.4;..\..\_libraries\PicUtils-1.6;..\..\_libraries\Xpres-1.3.2;..\..\_libraries\UtilsGrilla-0.8;..\..\_libraries\ogEditGraf-2.7"/>
+      <OtherUnitFiles Value="..\syncfacilutils;..\misutils;..\miconfig;..\picutils;..\txpres;..\utilsgrilla;..\ogeeditgraf"/>
       <UnitOutputDirectory Value="lib\$(TargetCPU)-$(TargetOS)"/>
     </SearchPaths>
     <Parsing>
