--- Cargo.lock.orig	2025-08-08 18:43:10 UTC
+++ Cargo.lock
@@ -8554,17 +8554,16 @@ name = "ipc-channel"
 
 [[package]]
 name = "ipc-channel"
-version = "0.19.0"
+version = "0.20.1"
 source = "registry+https://github.com/rust-lang/crates.io-index"
-checksum = "6fb8251fb7bcd9ccd3725ed8deae9fe7db8e586495c9eb5b0c52e6233e5e75ea"
+checksum = "1700f6b8b9f00cdd675f32fbb3a5be882213140dfe045805273221ca266c43f8"
 dependencies = [
  "bincode",
  "crossbeam-channel",
  "fnv",
- "lazy_static",
  "libc",
  "mio",
- "rand 0.8.5",
+ "rand 0.9.1",
  "serde",
  "tempfile",
  "uuid",
