--- Cargo.lock.orig	2025-03-06 09:42:46.369643000 +0100
+++ Cargo.lock	2025-03-06 09:42:52.730831000 +0100
@@ -1,6 +1,6 @@
 # This file is automatically @generated by Cargo.
 # It is not intended for manual editing.
-version = 3
+version = 4
 
 [[package]]
 name = "Inflector"
@@ -1058,9 +1058,9 @@ name = "core-foundation-sys"
 
 [[package]]
 name = "core-foundation-sys"
-version = "0.8.6"
+version = "0.8.7"
 source = "registry+https://github.com/rust-lang/crates.io-index"
-checksum = "06ea2b9bc92be3c2baa9334a323ebca2d6f074ff852cd1d7b11064035cd3868f"
+checksum = "773648b94d0e5d620f64f280777445740e61fe701025087ec8b57f45c791888b"
 
 [[package]]
 name = "core-graphics-types"
@@ -2310,6 +2310,7 @@ dependencies = [
  "sm3",
  "spki",
  "sys_traits",
+ "sysinfo",
  "thiserror 2.0.3",
  "tokio",
  "tokio-eld",
@@ -2576,6 +2577,7 @@ dependencies = [
  "same-file",
  "serde",
  "sys_traits",
+ "sysinfo",
  "test_server",
  "thiserror 2.0.3",
  "tokio",
@@ -8227,6 +8229,20 @@ dependencies = [
 ]
 
 [[package]]
+name = "sysinfo"
+version = "0.33.1"
+source = "registry+https://github.com/rust-lang/crates.io-index"
+checksum = "4fc858248ea01b66f19d8e8a6d55f41deaf91e9d495246fd01368d99935c6c01"
+dependencies = [
+ "core-foundation-sys",
+ "libc",
+ "memchr",
+ "ntapi",
+ "rayon",
+ "windows 0.57.0",
+]
+
+[[package]]
 name = "tagptr"
 version = "0.2.0"
 source = "registry+https://github.com/rust-lang/crates.io-index"
@@ -9466,6 +9482,16 @@ name = "windows"
 
 [[package]]
 name = "windows"
+version = "0.57.0"
+source = "registry+https://github.com/rust-lang/crates.io-index"
+checksum = "12342cb4d8e3b046f3d80effd474a7a02447231330ef77d71daa6fbc40681143"
+dependencies = [
+ "windows-core 0.57.0",
+ "windows-targets 0.52.6",
+]
+
+[[package]]
+name = "windows"
 version = "0.58.0"
 source = "registry+https://github.com/rust-lang/crates.io-index"
 checksum = "dd04d41d93c4992d421894c18c8b43496aa748dd4c081bac0dc93eb0489272b6"
@@ -9485,19 +9511,42 @@ name = "windows-core"
 
 [[package]]
 name = "windows-core"
+version = "0.57.0"
+source = "registry+https://github.com/rust-lang/crates.io-index"
+checksum = "d2ed2439a290666cd67ecce2b0ffaad89c2a56b976b736e6ece670297897832d"
+dependencies = [
+ "windows-implement 0.57.0",
+ "windows-interface 0.57.0",
+ "windows-result 0.1.2",
+ "windows-targets 0.52.6",
+]
+
+[[package]]
+name = "windows-core"
 version = "0.58.0"
 source = "registry+https://github.com/rust-lang/crates.io-index"
 checksum = "6ba6d44ec8c2591c134257ce647b7ea6b20335bf6379a27dac5f1641fcf59f99"
 dependencies = [
- "windows-implement",
- "windows-interface",
- "windows-result",
+ "windows-implement 0.58.0",
+ "windows-interface 0.58.0",
+ "windows-result 0.2.0",
  "windows-strings",
  "windows-targets 0.52.6",
 ]
 
 [[package]]
 name = "windows-implement"
+version = "0.57.0"
+source = "registry+https://github.com/rust-lang/crates.io-index"
+checksum = "9107ddc059d5b6fbfbffdfa7a7fe3e22a226def0b2608f72e9d552763d3e1ad7"
+dependencies = [
+ "proc-macro2",
+ "quote",
+ "syn 2.0.87",
+]
+
+[[package]]
+name = "windows-implement"
 version = "0.58.0"
 source = "registry+https://github.com/rust-lang/crates.io-index"
 checksum = "2bbd5b46c938e506ecbce286b6628a02171d56153ba733b6c741fc627ec9579b"
@@ -9509,6 +9558,17 @@ name = "windows-interface"
 
 [[package]]
 name = "windows-interface"
+version = "0.57.0"
+source = "registry+https://github.com/rust-lang/crates.io-index"
+checksum = "29bee4b38ea3cde66011baa44dba677c432a78593e202392d1e9070cf2a7fca7"
+dependencies = [
+ "proc-macro2",
+ "quote",
+ "syn 2.0.87",
+]
+
+[[package]]
+name = "windows-interface"
 version = "0.58.0"
 source = "registry+https://github.com/rust-lang/crates.io-index"
 checksum = "053c4c462dc91d3b1504c6fe5a726dd15e216ba718e84a0e46a88fbe5ded3515"
@@ -9520,6 +9580,15 @@ name = "windows-result"
 
 [[package]]
 name = "windows-result"
+version = "0.1.2"
+source = "registry+https://github.com/rust-lang/crates.io-index"
+checksum = "5e383302e8ec8515204254685643de10811af0ed97ea37210dc26fb0032647f8"
+dependencies = [
+ "windows-targets 0.52.6",
+]
+
+[[package]]
+name = "windows-result"
 version = "0.2.0"
 source = "registry+https://github.com/rust-lang/crates.io-index"
 checksum = "1d1043d8214f791817bab27572aaa8af63732e11bf84aa21a45a78d6c317ae0e"
@@ -9533,7 +9602,7 @@ dependencies = [
 source = "registry+https://github.com/rust-lang/crates.io-index"
 checksum = "4cd9b125c486025df0eabcb585e62173c6c9eddcec5d117d3b6e8c30e2ee4d10"
 dependencies = [
- "windows-result",
+ "windows-result 0.2.0",
  "windows-targets 0.52.6",
 ]
 
