--- Cargo.lock.orig	2024-02-11 11:08:12.265554000 +0100
+++ Cargo.lock	2024-02-11 11:09:02.842074000 +0100
@@ -1727,6 +1727,7 @@ dependencies = [
  "signature",
  "simd-json",
  "spki",
+ "sysinfo",
  "tokio",
  "typenum",
  "url",
@@ -1841,6 +1842,7 @@ dependencies = [
  "serde",
  "signal-hook",
  "signal-hook-registry",
+ "sysinfo",
  "test_server",
  "tokio",
  "tokio-metrics",
@@ -6514,6 +6516,21 @@ dependencies = [
  "quote",
  "syn 1.0.109",
  "unicode-xid",
+]
+
+[[package]]
+name = "sysinfo"
+version = "0.30.7"
+source = "registry+https://github.com/rust-lang/crates.io-index"
+checksum = "0c385888ef380a852a16209afc8cfad22795dd8873d69c9a14d2e2088f118d18"
+dependencies = [
+ "cfg-if",
+ "core-foundation-sys",
+ "libc",
+ "ntapi",
+ "once_cell",
+ "rayon",
+ "windows 0.52.0",
 ]
 
 [[package]]
