-- Remove protobuf-src dependency so the port builds without bundled C++ protobuf.
--- programs/sbf/Cargo.lock.orig	2026-09-27 23:42:25 UTC
+++ programs/sbf/Cargo.lock
@@ -4676,14 +4676,6 @@ dependencies = [
  "thiserror 1.0.69",
 ]
 
-[[package]]
-name = "protobuf-src"
-version = "1.1.0+21.5"
-source = "registry+https://github.com/rust-lang/crates.io-index"
-checksum = "c7ac8852baeb3cc6fb83b93646fb93c0ffe5d14bf138c945ceb4b9948ee0e3c1"
-dependencies = [
- "autotools",
-]
 
 [[package]]
 name = "protobuf-support"
@@ -9467,7 +9459,6 @@ dependencies = [
 dependencies = [
  "bs58",
  "prost",
- "protobuf-src",
  "serde",
  "solana-account-decoder",
  "solana-hash 4.6.0",
