--- KeePass.sln.orig	2016-01-31 12:47:41 UTC
+++ KeePass.sln
@@ -1,5 +1,5 @@
-Microsoft Visual Studio Solution File, Format Version 10.00
-# Visual Studio 2008
+Microsoft Visual Studio Solution File, Format Version 12.00
+# Visual Studio 2012
 Project("{FAE04EC0-301F-11D3-BF4B-00C04F79EFBC}") = "KeePassLib", "KeePassLib\KeePassLib.csproj", "{53573E4E-33CB-4FDB-8698-C95F5E40E7F3}"
 EndProject
 Project("{FAE04EC0-301F-11D3-BF4B-00C04F79EFBC}") = "KeePass", "KeePass\KeePass.csproj", "{10938016-DEE2-4A25-9A5A-8FD3444379CA}"
