--- Cargo.lock.orig	2025-08-06 20:45:45 UTC
+++ Cargo.lock
@@ -1437,15 +1437,6 @@ checksum = "d05e27ee213611ffe7d6348b942e8f942b37114c00
 checksum = "d05e27ee213611ffe7d6348b942e8f942b37114c00cc03cec254295a4a17852e"
 
 [[package]]
-name = "openssl-src"
-version = "300.5.1+3.5.1"
-source = "registry+https://github.com/rust-lang/crates.io-index"
-checksum = "735230c832b28c000e3bc117119e6466a663ec73506bc0a9907ea4187508e42a"
-dependencies = [
- "cc",
-]
-
-[[package]]
 name = "openssl-sys"
 version = "0.9.109"
 source = "registry+https://github.com/rust-lang/crates.io-index"
@@ -1453,7 +1444,6 @@ dependencies = [
 dependencies = [
  "cc",
  "libc",
- "openssl-src",
  "pkg-config",
  "vcpkg",
 ]
