--- Cargo.lock.orig	2025-07-07 12:10:13 UTC
+++ Cargo.lock
@@ -1038,17 +1038,6 @@ dependencies = [
 ]
 
 [[package]]
-name = "libproc"
-version = "0.14.10"
-source = "registry+https://github.com/rust-lang/crates.io-index"
-checksum = "e78a09b56be5adbcad5aa1197371688dc6bb249a26da3bca2011ee2fb987ebfb"
-dependencies = [
- "bindgen",
- "errno",
- "libc",
-]
-
-[[package]]
 name = "libredox"
 version = "0.1.3"
 source = "registry+https://github.com/rust-lang/crates.io-index"
@@ -1492,18 +1481,6 @@ dependencies = [
 ]
 
 [[package]]
-name = "procfs"
-version = "0.17.0"
-source = "registry+https://github.com/rust-lang/crates.io-index"
-checksum = "cc5b72d8145275d844d4b5f6d4e1eef00c8cd889edb6035c21675d1bb1f45c9f"
-dependencies = [
- "bitflags",
- "hex",
- "procfs-core",
- "rustix 0.38.44",
-]
-
-[[package]]
 name = "procfs-core"
 version = "0.17.0"
 source = "registry+https://github.com/rust-lang/crates.io-index"
@@ -1535,11 +1512,9 @@ dependencies = [
  "flate2",
  "handlebars",
  "interim",
- "libproc",
  "pest",
  "pest_derive",
  "pretty_assertions",
- "procfs",
  "pueue-lib",
  "rcgen",
  "rstest",
