--- Cargo.lock.orig	2026-05-19 19:59:03 UTC
+++ Cargo.lock
@@ -1544,15 +1544,6 @@ checksum = "7c87def4c32ab89d880effc9e097653c8da5d6ef28
 checksum = "7c87def4c32ab89d880effc9e097653c8da5d6ef28e6b539d313baaacfbafcbe"
 
 [[package]]
-name = "openssl-src"
-version = "300.6.0+3.6.2"
-source = "registry+https://github.com/rust-lang/crates.io-index"
-checksum = "a8e8cbfd3a4a8c8f089147fd7aaa33cf8c7450c4d09f8f80698a0cf093abeff4"
-dependencies = [
- "cc",
-]
-
-[[package]]
 name = "openssl-sys"
 version = "0.9.115"
 source = "registry+https://github.com/rust-lang/crates.io-index"
@@ -1560,7 +1551,6 @@ dependencies = [
 dependencies = [
  "cc",
  "libc",
- "openssl-src",
  "pkg-config",
  "vcpkg",
 ]
