--- cad_source/zcad.lpi.orig	2017-05-01 09:50:07 UTC
+++ cad_source/zcad.lpi
@@ -220,7 +220,7 @@
         <PackageName Value="AnchorDocking"/>
       </Item15>
       <Item16>
-        <PackageName Value="LazOpenGLContext"/>
+        <Filename Value="openglcontext.pas"/>
       </Item16>
       <Item17>
         <PackageName Value="LCL"/>
