--- Cargo.lock.orig	2026-05-04 05:43:29 UTC
+++ Cargo.lock
@@ -3082,12 +3082,6 @@ dependencies = [
 ]
 
 [[package]]
-name = "static_vcruntime"
-version = "3.0.0"
-source = "registry+https://github.com/rust-lang/crates.io-index"
-checksum = "ff7589a1859b09232522bb9edf076ca7fcf14ded96685d3fa629db73023ffbb7"
-
-[[package]]
 name = "strsim"
 version = "0.11.1"
 source = "registry+https://github.com/rust-lang/crates.io-index"
