--- Cargo.lock.orig	2021-07-19 20:46:52 UTC
+++ Cargo.lock
@@ -165,7 +165,6 @@ checksum = "a0e97e538864a7c95d33accbf64c8d354018ba3b6e
 dependencies = [
  "git-version",
  "shell-escape",
- "sys-info",
 ]
 
 [[package]]
@@ -1127,16 +1126,6 @@ dependencies = [
  "serde_json",
  "walkdir",
  "yaml-rust",
-]
-
-[[package]]
-name = "sys-info"
-version = "0.9.0"
-source = "registry+https://github.com/rust-lang/crates.io-index"
-checksum = "33fcecee49339531cf6bd84ecf3ed94f9c8ef4a7e700f2a1cac9cc1ca485383a"
-dependencies = [
- "cc",
- "libc",
 ]
 
 [[package]]
