Avoid multiple different copies of libcosmic breaking USES=cargo

Generated by "cargo update -p libcosmic --precise <hash>"

--- Cargo.lock.orig	2025-01-07 23:49:02 UTC
+++ Cargo.lock
@@ -800,6 +800,18 @@ dependencies = [
  "libc",
 ]
 
+[[package]]
+name = "cosmic-client-toolkit"
+version = "0.1.0"
+source = "git+https://github.com/pop-os/cosmic-protocols?rev=d218c76#d218c76b58c7a3b20dd5e7943f93fc306a1b81b8"
+dependencies = [
+ "cosmic-protocols 0.1.0 (git+https://github.com/pop-os/cosmic-protocols?rev=d218c76)",
+ "libc",
+ "smithay-client-toolkit",
+ "wayland-client",
+ "wayland-protocols",
+]
+
 [[package]]
 name = "cosmic-comp"
 version = "0.1.0"
@@ -810,7 +822,7 @@ dependencies = [
  "calloop 0.14.1",
  "cosmic-comp-config",
  "cosmic-config",
- "cosmic-protocols",
+ "cosmic-protocols 0.1.0 (git+https://github.com/pop-os/cosmic-protocols?branch=main)",
  "cosmic-settings-config",
  "drm-ffi 0.8.0",
  "egui",
@@ -897,6 +909,19 @@ dependencies = [
  "syn 1.0.109",
 ]
 
+[[package]]
+name = "cosmic-freedesktop-icons"
+version = "0.2.6"
+source = "git+https://github.com/pop-os/freedesktop-icons#5a3b4163148a9600a54cc846aa863f4e6389635d"
+dependencies = [
+ "dirs",
+ "once_cell",
+ "rust-ini",
+ "thiserror 1.0.69",
+ "tracing",
+ "xdg",
+]
+
 [[package]]
 name = "cosmic-protocols"
 version = "0.1.0"
@@ -910,6 +935,20 @@ dependencies = [
  "wayland-server",
 ]
 
+[[package]]
+name = "cosmic-protocols"
+version = "0.1.0"
+source = "git+https://github.com/pop-os/cosmic-protocols?rev=d218c76#d218c76b58c7a3b20dd5e7943f93fc306a1b81b8"
+dependencies = [
+ "bitflags 2.6.0",
+ "wayland-backend",
+ "wayland-client",
+ "wayland-protocols",
+ "wayland-protocols-wlr",
+ "wayland-scanner",
+ "wayland-server",
+]
+
 [[package]]
 name = "cosmic-settings-config"
 version = "0.1.0"
@@ -926,13 +965,12 @@ dependencies = [
 [[package]]
 name = "cosmic-text"
 version = "0.12.1"
-source = "git+https://github.com/pop-os/cosmic-text.git#1f4065c1c3399efad58841082212f7c039b58480"
+source = "git+https://github.com/pop-os/cosmic-text.git#166b59f560c551dab391a864f7c1f503c1e18446"
 dependencies = [
  "bitflags 2.6.0",
  "fontdb 0.16.2",
  "log",
  "rangemap",
- "rayon",
  "rustc-hash 1.1.0",
  "rustybuzz",
  "self_cell 1.0.4",
@@ -949,7 +987,7 @@ dependencies = [
 [[package]]
 name = "cosmic-theme"
 version = "0.1.0"
-source = "git+https://github.com/pop-os/libcosmic/#a6db807c1bbffc90b68513171348cad0b4469eac"
+source = "git+https://github.com/pop-os/libcosmic/#5422ab3130a0f943c71fda558d61c815086e6f40"
 dependencies = [
  "almost",
  "cosmic-config",
@@ -1698,9 +1736,9 @@ checksum = "3f9eec918d3f24069decb9af1554cad7c880e2da24a9afd88aca000531ab82c1"
 
 [[package]]
 name = "font-types"
-version = "0.6.0"
+version = "0.8.2"
 source = "registry+https://github.com/rust-lang/crates.io-index"
-checksum = "8f0189ccb084f77c5523e08288d418cbaa09c451a08515678a0aa265df9a8b60"
+checksum = "11c3a23a5a151afb1f74ea797f8c300dee41eff9ee3cb1bf94ed316d860c46b3"
 dependencies = [
  "bytemuck",
 ]
@@ -1778,19 +1816,6 @@ dependencies = [
  "percent-encoding",
 ]
 
-[[package]]
-name = "freedesktop-icons"
-version = "0.2.6"
-source = "registry+https://github.com/rust-lang/crates.io-index"
-checksum = "a8ef34245e0540c9a3ce7a28340b98d2c12b75da0d446da4e8224923fcaa0c16"
-dependencies = [
- "dirs",
- "once_cell",
- "rust-ini",
- "thiserror 1.0.69",
- "xdg",
-]
-
 [[package]]
 name = "fsevent-sys"
 version = "4.1.0"
@@ -2306,7 +2331,7 @@ dependencies = [
 [[package]]
 name = "iced"
 version = "0.14.0-dev"
-source = "git+https://github.com/pop-os/libcosmic/#a6db807c1bbffc90b68513171348cad0b4469eac"
+source = "git+https://github.com/pop-os/libcosmic/#5422ab3130a0f943c71fda558d61c815086e6f40"
 dependencies = [
  "dnd",
  "iced_core",
@@ -2370,7 +2395,7 @@ dependencies = [
 [[package]]
 name = "iced_graphics"
 version = "0.14.0-dev"
-source = "git+https://github.com/pop-os/libcosmic/#a6db807c1bbffc90b68513171348cad0b4469eac"
+source = "git+https://github.com/pop-os/libcosmic/#5422ab3130a0f943c71fda558d61c815086e6f40"
 dependencies = [
  "bitflags 2.6.0",
  "bytemuck",
@@ -2392,7 +2417,7 @@ dependencies = [
 [[package]]
 name = "iced_renderer"
 version = "0.14.0-dev"
-source = "git+https://github.com/pop-os/libcosmic/#a6db807c1bbffc90b68513171348cad0b4469eac"
+source = "git+https://github.com/pop-os/libcosmic/#5422ab3130a0f943c71fda558d61c815086e6f40"
 dependencies = [
  "iced_graphics",
  "iced_tiny_skia",
@@ -2404,7 +2429,7 @@ dependencies = [
 [[package]]
 name = "iced_runtime"
 version = "0.14.0-dev"
-source = "git+https://github.com/pop-os/libcosmic/#a6db807c1bbffc90b68513171348cad0b4469eac"
+source = "git+https://github.com/pop-os/libcosmic/#5422ab3130a0f943c71fda558d61c815086e6f40"
 dependencies = [
  "bytes",
  "dnd",
@@ -2418,7 +2443,7 @@ dependencies = [
 [[package]]
 name = "iced_tiny_skia"
 version = "0.14.0-dev"
-source = "git+https://github.com/pop-os/libcosmic/#a6db807c1bbffc90b68513171348cad0b4469eac"
+source = "git+https://github.com/pop-os/libcosmic/#5422ab3130a0f943c71fda558d61c815086e6f40"
 dependencies = [
  "bytemuck",
  "cosmic-text",
@@ -2434,11 +2459,12 @@ dependencies = [
 [[package]]
 name = "iced_wgpu"
 version = "0.14.0-dev"
-source = "git+https://github.com/pop-os/libcosmic/#a6db807c1bbffc90b68513171348cad0b4469eac"
+source = "git+https://github.com/pop-os/libcosmic/#5422ab3130a0f943c71fda558d61c815086e6f40"
 dependencies = [
  "as-raw-xcb-connection",
  "bitflags 2.6.0",
  "bytemuck",
+ "cosmic-client-toolkit",
  "futures",
  "glam",
  "guillotiere",
@@ -2451,7 +2477,6 @@ dependencies = [
  "resvg 0.42.0",
  "rustc-hash 2.0.0",
  "rustix",
- "smithay-client-toolkit",
  "thiserror 1.0.69",
  "tiny-xlib",
  "wayland-backend",
@@ -2465,7 +2490,7 @@ dependencies = [
 [[package]]
 name = "iced_widget"
 version = "0.14.0-dev"
-source = "git+https://github.com/pop-os/libcosmic/#a6db807c1bbffc90b68513171348cad0b4469eac"
+source = "git+https://github.com/pop-os/libcosmic/#5422ab3130a0f943c71fda558d61c815086e6f40"
 dependencies = [
  "dnd",
  "iced_renderer",
@@ -2812,15 +2837,15 @@ checksum = "97b3888a4aecf77e811145cadf6eef5901f4782c53886191b2f693f24761847c"
 [[package]]
 name = "libcosmic"
 version = "0.1.0"
-source = "git+https://github.com/pop-os/libcosmic/#a6db807c1bbffc90b68513171348cad0b4469eac"
+source = "git+https://github.com/pop-os/libcosmic/#5422ab3130a0f943c71fda558d61c815086e6f40"
 dependencies = [
  "apply",
  "chrono",
  "cosmic-config",
+ "cosmic-freedesktop-icons",
  "cosmic-theme",
  "css-color",
  "derive_setters",
- "freedesktop-icons",
  "iced",
  "iced_core",
  "iced_futures",
@@ -4167,9 +4192,9 @@ checksum = "3b42e27ef78c35d3998403c1d26f3efd9e135d3e5121b0a4845cc5cc27547f4f"
 
 [[package]]
 name = "read-fonts"
-version = "0.20.0"
+version = "0.25.3"
 source = "registry+https://github.com/rust-lang/crates.io-index"
-checksum = "8c141b9980e1150201b2a3a32879001c8f975fe313ec3df5471a9b5c79a880cd"
+checksum = "f6f9e8a4f503e5c8750e4cd3b32a4e090035c46374b305a15c70bad833dca05f"
 dependencies = [
  "bytemuck",
  "font-types",
@@ -4653,9 +4678,9 @@ checksum = "56199f7ddabf13fe5074ce809e7d3f42b42ae711800501b5b16ea82ad029c39d"
 
 [[package]]
 name = "skrifa"
-version = "0.20.0"
+version = "0.26.4"
 source = "registry+https://github.com/rust-lang/crates.io-index"
-checksum = "abea4738067b1e628c6ce28b2c216c19e9ea95715cdb332680e821c3bec2ef23"
+checksum = "6667e349abb2e6e850b31bc638a11f7fadd7e4cf113b71947c46bf6d5fe0dbc9"
 dependencies = [
  "bytemuck",
  "read-fonts",
@@ -4913,9 +4938,9 @@ dependencies = [
 
 [[package]]
 name = "swash"
-version = "0.1.18"
+version = "0.2.0"
 source = "registry+https://github.com/rust-lang/crates.io-index"
-checksum = "93cdc334a50fcc2aa3f04761af3b28196280a6aaadb1ef11215c478ae32615ac"
+checksum = "f0e25b48fd1c222c9fdb61148e2203b750f9840c07922fd61b87c6015560b8f6"
 dependencies = [
  "skrifa",
  "yazi",
@@ -6513,9 +6538,9 @@ checksum = "cfe53a6657fd280eaa890a3bc59152892ffa3e30101319d168b781ed6529b049"
 
 [[package]]
 name = "yazi"
-version = "0.1.6"
+version = "0.2.1"
 source = "registry+https://github.com/rust-lang/crates.io-index"
-checksum = "c94451ac9513335b5e23d7a8a2b61a7102398b8cca5160829d313e84c9d98be1"
+checksum = "e01738255b5a16e78bbb83e7fbba0a1e7dd506905cfc53f4622d89015a03fbb5"
 
 [[package]]
 name = "zbus"
@@ -6581,9 +6606,9 @@ dependencies = [
 
 [[package]]
 name = "zeno"
-version = "0.2.3"
+version = "0.3.2"
 source = "registry+https://github.com/rust-lang/crates.io-index"
-checksum = "dd15f8e0dbb966fd9245e7498c7e9e5055d9e5c8b676b95bd67091cd11a1e697"
+checksum = "cc0de2315dc13d00e5df3cd6b8d2124a6eaec6a2d4b6a1c5f37b7efad17fcc17"
 
 [[package]]
 name = "zerocopy"
