--- Cargo.lock.orig	2023-04-26 10:24:44 UTC
+++ Cargo.lock
@@ -649,7 +649,7 @@ version = "0.1.1"
 [[package]]
 name = "iai"
 version = "0.1.1"
-source = "git+https://github.com/reknih/iai#3f0f92736408ebce6545808b98e0cb2aea89b7dd"
+source = "registry+https://github.com/rust-lang/crates.io-index"
 dependencies = [
  "cfg-if",
 ]
