--- Cargo.lock.orig	2018-11-17 16:10:56 UTC
+++ Cargo.lock
@@ -2043,7 +2043,7 @@ dependencies = [
 
 [[package]]
 name = "smithay-client-toolkit"
-version = "0.4.1"
+version = "0.4.2"
 source = "registry+https://github.com/rust-lang/crates.io-index"
 dependencies = [
  "andrew 0.1.4 (registry+https://github.com/rust-lang/crates.io-index)",
