--- yarn.lock.orig	2022-06-23 21:39:35 UTC
+++ yarn.lock
@@ -7254,10 +7254,10 @@ electron-window@^0.8.0:
   dependencies:
     is-electron-renderer "^2.0.0"
 
-electron@19.0.7:
-  version "19.0.7"
-  resolved "https://registry.yarnpkg.com/electron/-/electron-19.0.7.tgz#c7a7841646adc6457de70b93661cc400bfdf9d38"
-  integrity sha512-Wyg+oGkY8cWYmm8tVka6CZmhJxnyUx+Us2ALyWiY4w73+dO9XUNB/c7vQNIm1Uk/DLMn9vFzgvcS9YtOOMqpbg==
+electron@19.0.8:
+  version "19.0.8"
+  resolved "https://registry.yarnpkg.com/electron/-/electron-19.0.8.tgz#c4d4ba915de554f2926261eb37d3527d2b092d4c"
+  integrity sha512-OWK3P/NbDFfBUv+wbYv1/OV4jehY5DQPT7n1maQJfN9hsnrWTMktXS/bmS05eSUAjNAzHmKPKfiKH2c1Yr7nGw==
   dependencies:
     "@electron/get" "^1.14.1"
     "@types/node" "^16.11.26"
