--- yarn.lock.orig	2022-06-23 21:39:35 UTC
+++ yarn.lock
@@ -6870,10 +6870,10 @@ electron-window@^0.8.0:
   dependencies:
     is-electron-renderer "^2.0.0"
 
-electron@19.0.5:
-  version "19.0.5"
-  resolved "https://registry.yarnpkg.com/electron/-/electron-19.0.5.tgz#852042c3f598cf2b3874cbcccc0308002c2b3fe9"
-  integrity sha512-gC4kPr/Mf7QbeE5NAo1AC4Zg/SXLnW0ttlyzhVdyB2aErBspWh231UhHLJUlOdaVNqitdbnppdaXjoZHsR5QzQ==
+electron@19.0.6:
+  version "19.0.6"
+  resolved "https://registry.npmjs.org/electron/-/electron-19.0.6.tgz#7aacfa4e968f134eecc36a1b03e3f9954ed8f6a5"
+  integrity sha512-S9Yud32nKhB0iWC0lGl2JXz4FQnCiLCnP5Vehm1/CqyeICcQGmgQaZl2HYpCJ2pesKIsYL9nsgmku/10cxm/gg==
   dependencies:
     "@electron/get" "^1.14.1"
     "@types/node" "^16.11.26"
