{
  "name": "@qwen-code/qwen-code-installer",
  "version": "1.0.0",
  "lockfileVersion": 3,
  "requires": true,
  "packages": {
    "": {
      "name": "@qwen-code/qwen-code-installer",
      "version": "1.0.0",
      "dependencies": {
        "@qwen-code/qwen-code": "^0.22.1"
      }
    },
    "node_modules/@qwen-code/qwen-code": {
      "version": "0.22.1",
      "resolved": "https://registry.npmjs.org/@qwen-code/qwen-code/-/qwen-code-0.22.1.tgz",
      "integrity": "sha512-sDki8GaxUA7eEbo1SQNd15TXiP22CMmOpUmfKeDvl+vmyw5sMwX5XJunQ8R4zReRV8z+HIaqqK5u28UX807lhw==",
      "bin": {
        "qwen": "cli-entry.js"
      },
      "engines": {
        "node": ">=22.0.0"
      },
      "optionalDependencies": {
        "@lydell/node-pty": "1.2.0-beta.10",
        "@lydell/node-pty-darwin-arm64": "1.2.0-beta.10",
        "@lydell/node-pty-darwin-x64": "1.2.0-beta.10",
        "@lydell/node-pty-linux-x64": "1.2.0-beta.10",
        "@lydell/node-pty-win32-arm64": "1.2.0-beta.10",
        "@lydell/node-pty-win32-x64": "1.2.0-beta.10",
        "@qwen-code/audio-capture": "0.22.1",
        "@teddyzhu/clipboard": "0.0.5",
        "@teddyzhu/clipboard-darwin-arm64": "0.0.5",
        "@teddyzhu/clipboard-darwin-x64": "0.0.5",
        "@teddyzhu/clipboard-linux-arm64-gnu": "0.0.5",
        "@teddyzhu/clipboard-linux-x64-gnu": "0.0.5",
        "@teddyzhu/clipboard-win32-arm64-msvc": "0.0.5",
        "@teddyzhu/clipboard-win32-x64-msvc": "0.0.5",
        "sharp": "0.35.3"
      }
    },
    "node_modules/@qwen-code/qwen-code/node_modules/@emnapi/runtime": {
      "version": "1.11.3",
      "resolved": "https://registry.npmjs.org/@emnapi/runtime/-/runtime-1.11.3.tgz",
      "integrity": "sha512-Xz4Tpyki7XyrpbUK1jR1AhdAdaXyhhY4lZ3neLodmhpuWfy2PAQN5B46sAiU4liOXGLkHypn/qU+jvfWSCYYLA==",
      "license": "MIT",
      "optional": true,
      "dependencies": {
        "tslib": "^2.4.0"
      }
    },
    "node_modules/@qwen-code/qwen-code/node_modules/@img/colour": {
      "version": "1.1.0",
      "resolved": "https://registry.npmjs.org/@img/colour/-/colour-1.1.0.tgz",
      "integrity": "sha512-Td76q7j57o/tLVdgS746cYARfSyxk8iEfRxewL9h4OMzYhbW4TAcppl0mT4eyqXddh6L/jwoM75mo7ixa/pCeQ==",
      "license": "MIT",
      "optional": true,
      "engines": {
        "node": ">=18"
      }
    },
    "node_modules/@qwen-code/qwen-code/node_modules/@img/sharp-darwin-arm64": {
      "version": "0.35.3",
      "resolved": "https://registry.npmjs.org/@img/sharp-darwin-arm64/-/sharp-darwin-arm64-0.35.3.tgz",
      "integrity": "sha512-RMnFX7YQsMoh7lWfcM4NEHHymBX/rLuKNPVM84XE9ONPcaSCDgE7CHIHpSgPcO2xcRthgBy1HfNO319mwhIAkg==",
      "cpu": [
        "arm64"
      ],
      "license": "Apache-2.0",
      "optional": true,
      "os": [
        "darwin"
      ],
      "engines": {
        "node": ">=20.9.0"
      },
      "funding": {
        "url": "https://opencollective.com/libvips"
      },
      "optionalDependencies": {
        "@img/sharp-libvips-darwin-arm64": "1.3.2"
      }
    },
    "node_modules/@qwen-code/qwen-code/node_modules/@img/sharp-darwin-x64": {
      "version": "0.35.3",
      "resolved": "https://registry.npmjs.org/@img/sharp-darwin-x64/-/sharp-darwin-x64-0.35.3.tgz",
      "integrity": "sha512-Xo+5uFBtLN0BKqieTxiFzFPQAUlBbbH5iBKyRX/z1JrbnYsHTfKJnUfL8+p2TPXr1pXqao4eeL4Rl144uDpK9w==",
      "cpu": [
        "x64"
      ],
      "license": "Apache-2.0",
      "optional": true,
      "os": [
        "darwin"
      ],
      "engines": {
        "node": ">=20.9.0"
      },
      "funding": {
        "url": "https://opencollective.com/libvips"
      },
      "optionalDependencies": {
        "@img/sharp-libvips-darwin-x64": "1.3.2"
      }
    },
    "node_modules/@qwen-code/qwen-code/node_modules/@img/sharp-freebsd-wasm32": {
      "version": "0.35.3",
      "resolved": "https://registry.npmjs.org/@img/sharp-freebsd-wasm32/-/sharp-freebsd-wasm32-0.35.3.tgz",
      "integrity": "sha512-lUxcqWIj2wMQ9BrwNjngcr1gWUr5xgaGThBRqPPalIC2n67Cqj1uPh8NnA/ZhAg8hUbKl+kVHKwgUIwe6ZYPrg==",
      "license": "Apache-2.0",
      "optional": true,
      "os": [
        "freebsd"
      ],
      "dependencies": {
        "@img/sharp-wasm32": "0.35.3"
      },
      "engines": {
        "node": ">=20.9.0"
      },
      "funding": {
        "url": "https://opencollective.com/libvips"
      }
    },
    "node_modules/@qwen-code/qwen-code/node_modules/@img/sharp-libvips-darwin-arm64": {
      "version": "1.3.2",
      "resolved": "https://registry.npmjs.org/@img/sharp-libvips-darwin-arm64/-/sharp-libvips-darwin-arm64-1.3.2.tgz",
      "integrity": "sha512-9J6ypZFpQBj4YnePGoq/S38w6nz+vqg5WZLrLGY4YuSemdMq47GMLBPO42MzwdGwpg/agZ7xzZcFHa48xlywfg==",
      "cpu": [
        "arm64"
      ],
      "license": "LGPL-3.0-or-later",
      "optional": true,
      "os": [
        "darwin"
      ],
      "funding": {
        "url": "https://opencollective.com/libvips"
      }
    },
    "node_modules/@qwen-code/qwen-code/node_modules/@img/sharp-libvips-darwin-x64": {
      "version": "1.3.2",
      "resolved": "https://registry.npmjs.org/@img/sharp-libvips-darwin-x64/-/sharp-libvips-darwin-x64-1.3.2.tgz",
      "integrity": "sha512-m2pW1n6cns9VaubNwsZ+c3CRYjxNQWgJ5gPlnL1nbBcpkBvFm6SCFN5o0psFHI8w9n11NKhFkeEDns98tiqbEw==",
      "cpu": [
        "x64"
      ],
      "license": "LGPL-3.0-or-later",
      "optional": true,
      "os": [
        "darwin"
      ],
      "funding": {
        "url": "https://opencollective.com/libvips"
      }
    },
    "node_modules/@qwen-code/qwen-code/node_modules/@img/sharp-libvips-linux-arm": {
      "version": "1.3.2",
      "resolved": "https://registry.npmjs.org/@img/sharp-libvips-linux-arm/-/sharp-libvips-linux-arm-1.3.2.tgz",
      "integrity": "sha512-1eMLzy92I4J6rmi4mAT8yC3HxOtniyGELlzGbNMLLeqe052ahFQ0h6LFq+lh5DsDIdYViIDst08abvSbcEdLXQ==",
      "cpu": [
        "arm"
      ],
      "libc": [
        "glibc"
      ],
      "license": "LGPL-3.0-or-later",
      "optional": true,
      "os": [
        "linux"
      ],
      "funding": {
        "url": "https://opencollective.com/libvips"
      }
    },
    "node_modules/@qwen-code/qwen-code/node_modules/@img/sharp-libvips-linux-arm64": {
      "version": "1.3.2",
      "resolved": "https://registry.npmjs.org/@img/sharp-libvips-linux-arm64/-/sharp-libvips-linux-arm64-1.3.2.tgz",
      "integrity": "sha512-dqVSFynCox4C/J8kT16V7SIFAns0IjgLwkvYT7p8LQVmJ5OS5b6tI9IGflxTeuBS//zXeFIUbwt5dwxyZ17cnA==",
      "cpu": [
        "arm64"
      ],
      "libc": [
        "glibc"
      ],
      "license": "LGPL-3.0-or-later",
      "optional": true,
      "os": [
        "linux"
      ],
      "funding": {
        "url": "https://opencollective.com/libvips"
      }
    },
    "node_modules/@qwen-code/qwen-code/node_modules/@img/sharp-libvips-linux-ppc64": {
      "version": "1.3.2",
      "resolved": "https://registry.npmjs.org/@img/sharp-libvips-linux-ppc64/-/sharp-libvips-linux-ppc64-1.3.2.tgz",
      "integrity": "sha512-3z0NHDxD6n5I9gc05U1eW1AyRm+Gznzq3naMrthPNqE6oYykcogW0l/jfpJdjYnuNl8R7yI9pNbE1XiUeyq0Aw==",
      "cpu": [
        "ppc64"
      ],
      "libc": [
        "glibc"
      ],
      "license": "LGPL-3.0-or-later",
      "optional": true,
      "os": [
        "linux"
      ],
      "funding": {
        "url": "https://opencollective.com/libvips"
      }
    },
    "node_modules/@qwen-code/qwen-code/node_modules/@img/sharp-libvips-linux-riscv64": {
      "version": "1.3.2",
      "resolved": "https://registry.npmjs.org/@img/sharp-libvips-linux-riscv64/-/sharp-libvips-linux-riscv64-1.3.2.tgz",
      "integrity": "sha512-bsb4rI+NldGOsXuej2r8OdSS8+zXDVaCWxyWrcv6kneTOlgAHtZABRzBBCwdsPiD90J4myNJuHpg6kA20ImW/w==",
      "cpu": [
        "riscv64"
      ],
      "libc": [
        "glibc"
      ],
      "license": "LGPL-3.0-or-later",
      "optional": true,
      "os": [
        "linux"
      ],
      "funding": {
        "url": "https://opencollective.com/libvips"
      }
    },
    "node_modules/@qwen-code/qwen-code/node_modules/@img/sharp-libvips-linux-s390x": {
      "version": "1.3.2",
      "resolved": "https://registry.npmjs.org/@img/sharp-libvips-linux-s390x/-/sharp-libvips-linux-s390x-1.3.2.tgz",
      "integrity": "sha512-/ABshyj8gCpyIrNXnHn4LorDJ0HHm1VhXPBlxZ8zAtfVPAaSafXPGn+sUSIRiwaSBy0mmFjSjiXI5mkcwdChKQ==",
      "cpu": [
        "s390x"
      ],
      "libc": [
        "glibc"
      ],
      "license": "LGPL-3.0-or-later",
      "optional": true,
      "os": [
        "linux"
      ],
      "funding": {
        "url": "https://opencollective.com/libvips"
      }
    },
    "node_modules/@qwen-code/qwen-code/node_modules/@img/sharp-libvips-linux-x64": {
      "version": "1.3.2",
      "resolved": "https://registry.npmjs.org/@img/sharp-libvips-linux-x64/-/sharp-libvips-linux-x64-1.3.2.tgz",
      "integrity": "sha512-ITPEtgffGJ0S6G9dRyw/366tJQqFRcHWPHhC+Stpg3Z8AEMrDrTr2lhdz4f/Y/HMbRh//7Z5mBzEpVdi62Oc3w==",
      "cpu": [
        "x64"
      ],
      "libc": [
        "glibc"
      ],
      "license": "LGPL-3.0-or-later",
      "optional": true,
      "os": [
        "linux"
      ],
      "funding": {
        "url": "https://opencollective.com/libvips"
      }
    },
    "node_modules/@qwen-code/qwen-code/node_modules/@img/sharp-libvips-linuxmusl-arm64": {
      "version": "1.3.2",
      "resolved": "https://registry.npmjs.org/@img/sharp-libvips-linuxmusl-arm64/-/sharp-libvips-linuxmusl-arm64-1.3.2.tgz",
      "integrity": "sha512-zE9EdiUzUmg5mDT5a1rk5fYJ6GWPloTwWBYDS14naqHsL+EaMpDj1AWnpLgh3u0YCORv2Tt50wrcrpYqkP97Kw==",
      "cpu": [
        "arm64"
      ],
      "libc": [
        "musl"
      ],
      "license": "LGPL-3.0-or-later",
      "optional": true,
      "os": [
        "linux"
      ],
      "funding": {
        "url": "https://opencollective.com/libvips"
      }
    },
    "node_modules/@qwen-code/qwen-code/node_modules/@img/sharp-libvips-linuxmusl-x64": {
      "version": "1.3.2",
      "resolved": "https://registry.npmjs.org/@img/sharp-libvips-linuxmusl-x64/-/sharp-libvips-linuxmusl-x64-1.3.2.tgz",
      "integrity": "sha512-m0lrLiUt+lBYnCFr8qV/65yMR4E/c7/wf78I5eKTdkEakFAlZ9QlzEM3QIhhAwVeUhLAHLcCq7a7Vszq/oFNZQ==",
      "cpu": [
        "x64"
      ],
      "libc": [
        "musl"
      ],
      "license": "LGPL-3.0-or-later",
      "optional": true,
      "os": [
        "linux"
      ],
      "funding": {
        "url": "https://opencollective.com/libvips"
      }
    },
    "node_modules/@qwen-code/qwen-code/node_modules/@img/sharp-linux-arm": {
      "version": "0.35.3",
      "resolved": "https://registry.npmjs.org/@img/sharp-linux-arm/-/sharp-linux-arm-0.35.3.tgz",
      "integrity": "sha512-affVWCTLooy8TSxbDx2qkzuDeaWLNVBA+P//FNBirHsXpP2fuBhk5AuboYUnrDnzoXes8GFjpTx0SBFOCRg+FA==",
      "cpu": [
        "arm"
      ],
      "libc": [
        "glibc"
      ],
      "license": "Apache-2.0",
      "optional": true,
      "os": [
        "linux"
      ],
      "engines": {
        "node": ">=20.9.0"
      },
      "funding": {
        "url": "https://opencollective.com/libvips"
      },
      "optionalDependencies": {
        "@img/sharp-libvips-linux-arm": "1.3.2"
      }
    },
    "node_modules/@qwen-code/qwen-code/node_modules/@img/sharp-linux-arm64": {
      "version": "0.35.3",
      "resolved": "https://registry.npmjs.org/@img/sharp-linux-arm64/-/sharp-linux-arm64-0.35.3.tgz",
      "integrity": "sha512-QgKDspHPnrU+GQ55XPhGwyhC8acLVOOSyAvo1oVfFmrIXLkDNmGWzAfDZ4xK8oSA1qBQrALcHX0G5UZni/SuFQ==",
      "cpu": [
        "arm64"
      ],
      "libc": [
        "glibc"
      ],
      "license": "Apache-2.0",
      "optional": true,
      "os": [
        "linux"
      ],
      "engines": {
        "node": ">=20.9.0"
      },
      "funding": {
        "url": "https://opencollective.com/libvips"
      },
      "optionalDependencies": {
        "@img/sharp-libvips-linux-arm64": "1.3.2"
      }
    },
    "node_modules/@qwen-code/qwen-code/node_modules/@img/sharp-linux-ppc64": {
      "version": "0.35.3",
      "resolved": "https://registry.npmjs.org/@img/sharp-linux-ppc64/-/sharp-linux-ppc64-0.35.3.tgz",
      "integrity": "sha512-sMd8rDxmpLOwv/7N44klFjOD5DUO7FLdjiXDI0hoxYaf7Ar262dQIEkosE98bps+5HPLtp/EvNqeqQtOycP/IA==",
      "cpu": [
        "ppc64"
      ],
      "libc": [
        "glibc"
      ],
      "license": "Apache-2.0",
      "optional": true,
      "os": [
        "linux"
      ],
      "engines": {
        "node": ">=20.9.0"
      },
      "funding": {
        "url": "https://opencollective.com/libvips"
      },
      "optionalDependencies": {
        "@img/sharp-libvips-linux-ppc64": "1.3.2"
      }
    },
    "node_modules/@qwen-code/qwen-code/node_modules/@img/sharp-linux-riscv64": {
      "version": "0.35.3",
      "resolved": "https://registry.npmjs.org/@img/sharp-linux-riscv64/-/sharp-linux-riscv64-0.35.3.tgz",
      "integrity": "sha512-0Eob78yjlYPfL5vMNWAW55l3R9Y6BQS/gOfe0ZcP9mEz9ohhKSt4im1hayiknXgf8AWrFqMvJcKIdmLmEe7yeQ==",
      "cpu": [
        "riscv64"
      ],
      "libc": [
        "glibc"
      ],
      "license": "Apache-2.0",
      "optional": true,
      "os": [
        "linux"
      ],
      "engines": {
        "node": ">=20.9.0"
      },
      "funding": {
        "url": "https://opencollective.com/libvips"
      },
      "optionalDependencies": {
        "@img/sharp-libvips-linux-riscv64": "1.3.2"
      }
    },
    "node_modules/@qwen-code/qwen-code/node_modules/@img/sharp-linux-s390x": {
      "version": "0.35.3",
      "resolved": "https://registry.npmjs.org/@img/sharp-linux-s390x/-/sharp-linux-s390x-0.35.3.tgz",
      "integrity": "sha512-KgAxQ0DxpNOq1rG2t5cgTgShJFGSuU7XO45cqC+1NVOuZnP6tlgZRuSYOfNupGkHID0o3cJOsw4DVeJpMovcGw==",
      "cpu": [
        "s390x"
      ],
      "libc": [
        "glibc"
      ],
      "license": "Apache-2.0",
      "optional": true,
      "os": [
        "linux"
      ],
      "engines": {
        "node": ">=20.9.0"
      },
      "funding": {
        "url": "https://opencollective.com/libvips"
      },
      "optionalDependencies": {
        "@img/sharp-libvips-linux-s390x": "1.3.2"
      }
    },
    "node_modules/@qwen-code/qwen-code/node_modules/@img/sharp-linux-x64": {
      "version": "0.35.3",
      "resolved": "https://registry.npmjs.org/@img/sharp-linux-x64/-/sharp-linux-x64-0.35.3.tgz",
      "integrity": "sha512-8pqvxubL2PGdhlPy6GLqzDYMUjyRmKAwKHYKixpdJYBUK7PJ0C029XdsnpFIdgRZG68fZiGdHVWcKPvtiPB4cA==",
      "cpu": [
        "x64"
      ],
      "libc": [
        "glibc"
      ],
      "license": "Apache-2.0",
      "optional": true,
      "os": [
        "linux"
      ],
      "engines": {
        "node": ">=20.9.0"
      },
      "funding": {
        "url": "https://opencollective.com/libvips"
      },
      "optionalDependencies": {
        "@img/sharp-libvips-linux-x64": "1.3.2"
      }
    },
    "node_modules/@qwen-code/qwen-code/node_modules/@img/sharp-linuxmusl-arm64": {
      "version": "0.35.3",
      "resolved": "https://registry.npmjs.org/@img/sharp-linuxmusl-arm64/-/sharp-linuxmusl-arm64-0.35.3.tgz",
      "integrity": "sha512-Vz0iQjzzcSX3HCbfwFfCSG/9SCIqyO0mH2sXyiHaAYfBk0cRsCWXRyQYX0ovCK/PAQBbTzQ0dsPQHh5MAFL59w==",
      "cpu": [
        "arm64"
      ],
      "libc": [
        "musl"
      ],
      "license": "Apache-2.0",
      "optional": true,
      "os": [
        "linux"
      ],
      "engines": {
        "node": ">=20.9.0"
      },
      "funding": {
        "url": "https://opencollective.com/libvips"
      },
      "optionalDependencies": {
        "@img/sharp-libvips-linuxmusl-arm64": "1.3.2"
      }
    },
    "node_modules/@qwen-code/qwen-code/node_modules/@img/sharp-linuxmusl-x64": {
      "version": "0.35.3",
      "resolved": "https://registry.npmjs.org/@img/sharp-linuxmusl-x64/-/sharp-linuxmusl-x64-0.35.3.tgz",
      "integrity": "sha512-6O1NPKcDVj9QEdg7Hx549EX8U0rp6yXQERqru6yRN7fGBn32UvIRJUlWnk+8xDCiG76hXVBbX82NZ/ZKr0euIg==",
      "cpu": [
        "x64"
      ],
      "libc": [
        "musl"
      ],
      "license": "Apache-2.0",
      "optional": true,
      "os": [
        "linux"
      ],
      "engines": {
        "node": ">=20.9.0"
      },
      "funding": {
        "url": "https://opencollective.com/libvips"
      },
      "optionalDependencies": {
        "@img/sharp-libvips-linuxmusl-x64": "1.3.2"
      }
    },
    "node_modules/@qwen-code/qwen-code/node_modules/@img/sharp-wasm32": {
      "version": "0.35.3",
      "resolved": "https://registry.npmjs.org/@img/sharp-wasm32/-/sharp-wasm32-0.35.3.tgz",
      "integrity": "sha512-cZ0XkcYGpHZkqW6iCkqTcmUC0CD9DhD5d/qeZlZkfRBn6GnHniZXLUo5+9xw8Iv76YE6LQFN9YNBlKREcCG76w==",
      "license": "Apache-2.0 AND LGPL-3.0-or-later AND MIT",
      "optional": true,
      "dependencies": {
        "@emnapi/runtime": "^1.11.1"
      },
      "engines": {
        "node": ">=20.9.0"
      },
      "funding": {
        "url": "https://opencollective.com/libvips"
      }
    },
    "node_modules/@qwen-code/qwen-code/node_modules/@img/sharp-webcontainers-wasm32": {
      "version": "0.35.3",
      "resolved": "https://registry.npmjs.org/@img/sharp-webcontainers-wasm32/-/sharp-webcontainers-wasm32-0.35.3.tgz",
      "integrity": "sha512-2rnq7bX3NzeR2T4YWgz8qiG4h3TSdMe+vN1iQXpJleSJ3SM5zQ8Fy2SyyXAWlbxpEZ2Y+Z4u1BePgJEYbSy80Q==",
      "cpu": [
        "wasm32"
      ],
      "license": "Apache-2.0",
      "optional": true,
      "dependencies": {
        "@img/sharp-wasm32": "0.35.3"
      },
      "engines": {
        "node": ">=20.9.0"
      },
      "funding": {
        "url": "https://opencollective.com/libvips"
      }
    },
    "node_modules/@qwen-code/qwen-code/node_modules/@img/sharp-win32-arm64": {
      "version": "0.35.3",
      "resolved": "https://registry.npmjs.org/@img/sharp-win32-arm64/-/sharp-win32-arm64-0.35.3.tgz",
      "integrity": "sha512-4bPwFdMbeC4JQ8L8LOyWp6nsHcboP5fxkp6iPOXz2Vg49R42TuMs2whkJ5OAP4/Ul035qOzy0AecOF9VOscn4w==",
      "cpu": [
        "arm64"
      ],
      "license": "Apache-2.0 AND LGPL-3.0-or-later",
      "optional": true,
      "os": [
        "win32"
      ],
      "engines": {
        "node": ">=20.9.0"
      },
      "funding": {
        "url": "https://opencollective.com/libvips"
      }
    },
    "node_modules/@qwen-code/qwen-code/node_modules/@img/sharp-win32-ia32": {
      "version": "0.35.3",
      "resolved": "https://registry.npmjs.org/@img/sharp-win32-ia32/-/sharp-win32-ia32-0.35.3.tgz",
      "integrity": "sha512-r53mXsBN6lFUDiST764SvgwUdHAqM4rPAiDzAmf4fLoB6X/rkfyTrLCg6+g17wJJiCmB3JYgHuUldCWUIRFSXw==",
      "cpu": [
        "ia32"
      ],
      "license": "Apache-2.0 AND LGPL-3.0-or-later",
      "optional": true,
      "os": [
        "win32"
      ],
      "engines": {
        "node": "^20.9.0"
      },
      "funding": {
        "url": "https://opencollective.com/libvips"
      }
    },
    "node_modules/@qwen-code/qwen-code/node_modules/@img/sharp-win32-x64": {
      "version": "0.35.3",
      "resolved": "https://registry.npmjs.org/@img/sharp-win32-x64/-/sharp-win32-x64-0.35.3.tgz",
      "integrity": "sha512-D4y1vNeZrIIJCN+uHaWVtH86B+aCrdMYYjicy9pXHvbGZeGYLLSd3wdVuC37FxVXlU1ARsk84eKWfWMXGYEqvA==",
      "cpu": [
        "x64"
      ],
      "license": "Apache-2.0 AND LGPL-3.0-or-later",
      "optional": true,
      "os": [
        "win32"
      ],
      "engines": {
        "node": ">=20.9.0"
      },
      "funding": {
        "url": "https://opencollective.com/libvips"
      }
    },
    "node_modules/@qwen-code/qwen-code/node_modules/@lydell/node-pty": {
      "version": "1.2.0-beta.10",
      "resolved": "https://registry.npmjs.org/@lydell/node-pty/-/node-pty-1.2.0-beta.10.tgz",
      "integrity": "sha512-Fv+A3+MZVA8qhkBIZsM1E6dCdHNMyXXz22mAYiMWd03LlyK///F3OH6CKPX9mj4id7LUlxpr45yPzyBVy9aDPw==",
      "license": "MIT",
      "optional": true,
      "optionalDependencies": {
        "@lydell/node-pty-darwin-arm64": "1.2.0-beta.10",
        "@lydell/node-pty-darwin-x64": "1.2.0-beta.10",
        "@lydell/node-pty-linux-arm64": "1.2.0-beta.10",
        "@lydell/node-pty-linux-x64": "1.2.0-beta.10",
        "@lydell/node-pty-win32-arm64": "1.2.0-beta.10",
        "@lydell/node-pty-win32-x64": "1.2.0-beta.10"
      }
    },
    "node_modules/@qwen-code/qwen-code/node_modules/@lydell/node-pty-darwin-arm64": {
      "version": "1.2.0-beta.10",
      "resolved": "https://registry.npmjs.org/@lydell/node-pty-darwin-arm64/-/node-pty-darwin-arm64-1.2.0-beta.10.tgz",
      "integrity": "sha512-C+eqDyRNHRYvx7RaHj6VVCx6nCpRBPuuxhTcc3JH3GuBMoxTsYeY4GkWH2XOktrgbAq1BG8e/Y8bu/wNQreCEw==",
      "cpu": [
        "arm64"
      ],
      "license": "MIT",
      "optional": true,
      "os": [
        "darwin"
      ]
    },
    "node_modules/@qwen-code/qwen-code/node_modules/@lydell/node-pty-darwin-x64": {
      "version": "1.2.0-beta.10",
      "resolved": "https://registry.npmjs.org/@lydell/node-pty-darwin-x64/-/node-pty-darwin-x64-1.2.0-beta.10.tgz",
      "integrity": "sha512-aZoIK6HtJO5BiT4ELm683U4dyHtt8b7wNgq3NJqYAQwSXrcPv576Z8vY3BIulVxfcFkht/SPLKou9TtdFXdNpg==",
      "cpu": [
        "x64"
      ],
      "license": "MIT",
      "optional": true,
      "os": [
        "darwin"
      ]
    },
    "node_modules/@qwen-code/qwen-code/node_modules/@lydell/node-pty-linux-arm64": {
      "version": "1.2.0-beta.10",
      "resolved": "https://registry.npmjs.org/@lydell/node-pty-linux-arm64/-/node-pty-linux-arm64-1.2.0-beta.10.tgz",
      "integrity": "sha512-0cKX2iMyXFNBE4fGtGK6B7IkdXcDMZajyEDoGMOgQQs/DDtoI5tSPcBcqNY9VitVrsRQA8+gFt6eKYU9Ye/lUA==",
      "cpu": [
        "arm64"
      ],
      "license": "MIT",
      "optional": true,
      "os": [
        "linux"
      ]
    },
    "node_modules/@qwen-code/qwen-code/node_modules/@lydell/node-pty-linux-x64": {
      "version": "1.2.0-beta.10",
      "resolved": "https://registry.npmjs.org/@lydell/node-pty-linux-x64/-/node-pty-linux-x64-1.2.0-beta.10.tgz",
      "integrity": "sha512-J9HnxvSzEeMH748+Ul1VrmCLWMo7iCVJy9EGijRR62+YO/Yk5GaCydUTZ+KzlH0/X5aTrgt5cfiof4vx45tRRg==",
      "cpu": [
        "x64"
      ],
      "license": "MIT",
      "optional": true,
      "os": [
        "linux"
      ]
    },
    "node_modules/@qwen-code/qwen-code/node_modules/@lydell/node-pty-win32-arm64": {
      "version": "1.2.0-beta.10",
      "resolved": "https://registry.npmjs.org/@lydell/node-pty-win32-arm64/-/node-pty-win32-arm64-1.2.0-beta.10.tgz",
      "integrity": "sha512-PlDJpJX/pnKyy6OmADKzhf+INZDDnzTBGaI0LT4laVNc6NblZNqUSkCMjLFWbeakeuQp0VG37M49WQSN9FDfeA==",
      "cpu": [
        "arm64"
      ],
      "license": "MIT",
      "optional": true,
      "os": [
        "win32"
      ]
    },
    "node_modules/@qwen-code/qwen-code/node_modules/@lydell/node-pty-win32-x64": {
      "version": "1.2.0-beta.10",
      "resolved": "https://registry.npmjs.org/@lydell/node-pty-win32-x64/-/node-pty-win32-x64-1.2.0-beta.10.tgz",
      "integrity": "sha512-ExFgWrzyldNAMi45U9PLIOu+g/RatP+f0c/dZxaooifME6yLW32BoHveH26/TtoAjZyJrc2iL0u48pgnR1fzmg==",
      "cpu": [
        "x64"
      ],
      "license": "MIT",
      "optional": true,
      "os": [
        "win32"
      ]
    },
    "node_modules/@qwen-code/qwen-code/node_modules/@qwen-code/audio-capture": {
      "version": "0.22.1",
      "resolved": "https://registry.npmjs.org/@qwen-code/audio-capture/-/audio-capture-0.22.1.tgz",
      "integrity": "sha512-8lQlv+GJnWPF3Qo/D5ISIruIQ9bFrQYMb7Bbiu4Yz9iHeOlgngVpkTYfXtelqZTLLBI+Lf+yztDUETp4U3hrZw==",
      "hasInstallScript": true,
      "optional": true,
      "dependencies": {
        "node-gyp-build": "^4.8.4"
      },
      "engines": {
        "node": ">=22"
      }
    },
    "node_modules/@qwen-code/qwen-code/node_modules/@teddyzhu/clipboard": {
      "version": "0.0.5",
      "resolved": "https://registry.npmjs.org/@teddyzhu/clipboard/-/clipboard-0.0.5.tgz",
      "integrity": "sha512-XA6MG7nLPZzj51agCwDYaVnVVrt0ByJ3G9rl3ar6N4GETAjUKKup6u76SLp2C5yHRWYV9hwMYDn04OGLar0MVg==",
      "license": "MIT",
      "optional": true,
      "engines": {
        "node": ">= 10.16.0 < 11 || >= 11.8.0 < 12 || >= 12.0.0"
      },
      "optionalDependencies": {
        "@teddyzhu/clipboard-darwin-arm64": "0.0.5",
        "@teddyzhu/clipboard-darwin-x64": "0.0.5",
        "@teddyzhu/clipboard-linux-arm64-gnu": "0.0.5",
        "@teddyzhu/clipboard-linux-x64-gnu": "0.0.5",
        "@teddyzhu/clipboard-win32-arm64-msvc": "0.0.5",
        "@teddyzhu/clipboard-win32-x64-msvc": "0.0.5"
      }
    },
    "node_modules/@qwen-code/qwen-code/node_modules/@teddyzhu/clipboard-darwin-arm64": {
      "version": "0.0.5",
      "resolved": "https://registry.npmjs.org/@teddyzhu/clipboard-darwin-arm64/-/clipboard-darwin-arm64-0.0.5.tgz",
      "integrity": "sha512-FB3yykRAcw0VLmSjIGFddgew2t20UnLp80NZvi5e/lbsy/3mruHibMHkxHWqzCncuZsHdRsRXS/FmR/ggepW9A==",
      "cpu": [
        "arm64"
      ],
      "license": "MIT",
      "optional": true,
      "os": [
        "darwin"
      ],
      "engines": {
        "node": ">= 10.16.0 < 11 || >= 11.8.0 < 12 || >= 12.0.0"
      }
    },
    "node_modules/@qwen-code/qwen-code/node_modules/@teddyzhu/clipboard-darwin-x64": {
      "version": "0.0.5",
      "resolved": "https://registry.npmjs.org/@teddyzhu/clipboard-darwin-x64/-/clipboard-darwin-x64-0.0.5.tgz",
      "integrity": "sha512-tiDazMpLf2dS7BZUif3da3DLJima8E/CnexB3CNgjQf12CFJ+D1cPcj/CgfvMYZgFQSsYyACpQNfXn4hmVbymA==",
      "cpu": [
        "x64"
      ],
      "license": "MIT",
      "optional": true,
      "os": [
        "darwin"
      ],
      "engines": {
        "node": ">= 10.16.0 < 11 || >= 11.8.0 < 12 || >= 12.0.0"
      }
    },
    "node_modules/@qwen-code/qwen-code/node_modules/@teddyzhu/clipboard-linux-arm64-gnu": {
      "version": "0.0.5",
      "resolved": "https://registry.npmjs.org/@teddyzhu/clipboard-linux-arm64-gnu/-/clipboard-linux-arm64-gnu-0.0.5.tgz",
      "integrity": "sha512-qcokM+BaXn4iG4o4nYGHdfC04pr54S2F7x2o5osFhG3hMVYHZLR/8NKcYDKELnebpH612nW2bNRoWWy14lM45g==",
      "cpu": [
        "arm64"
      ],
      "libc": [
        "glibc"
      ],
      "license": "MIT",
      "optional": true,
      "os": [
        "linux"
      ],
      "engines": {
        "node": ">= 10.16.0 < 11 || >= 11.8.0 < 12 || >= 12.0.0"
      }
    },
    "node_modules/@qwen-code/qwen-code/node_modules/@teddyzhu/clipboard-linux-x64-gnu": {
      "version": "0.0.5",
      "resolved": "https://registry.npmjs.org/@teddyzhu/clipboard-linux-x64-gnu/-/clipboard-linux-x64-gnu-0.0.5.tgz",
      "integrity": "sha512-Ogh4zYM9s537WJszSvKrPAoKQZ2grnY7Xy6szyJp2+84uQKWNbvZkATODAsRUn48zr9gqL3PZeUqkIBaz8sCpQ==",
      "cpu": [
        "x64"
      ],
      "libc": [
        "glibc"
      ],
      "license": "MIT",
      "optional": true,
      "os": [
        "linux"
      ],
      "engines": {
        "node": ">= 10.16.0 < 11 || >= 11.8.0 < 12 || >= 12.0.0"
      }
    },
    "node_modules/@qwen-code/qwen-code/node_modules/@teddyzhu/clipboard-win32-arm64-msvc": {
      "version": "0.0.5",
      "resolved": "https://registry.npmjs.org/@teddyzhu/clipboard-win32-arm64-msvc/-/clipboard-win32-arm64-msvc-0.0.5.tgz",
      "integrity": "sha512-TuU+7e8qYc0T++sIArHTmqr+nfqiTfJ6gdrb1e8yDJb6MM3EFxCd2VonTqLQL1YpUdfcH+/rdMarG2rvCwvEhQ==",
      "cpu": [
        "arm64"
      ],
      "license": "MIT",
      "optional": true,
      "os": [
        "win32"
      ],
      "engines": {
        "node": ">= 10.16.0 < 11 || >= 11.8.0 < 12 || >= 12.0.0"
      }
    },
    "node_modules/@qwen-code/qwen-code/node_modules/@teddyzhu/clipboard-win32-x64-msvc": {
      "version": "0.0.5",
      "resolved": "https://registry.npmjs.org/@teddyzhu/clipboard-win32-x64-msvc/-/clipboard-win32-x64-msvc-0.0.5.tgz",
      "integrity": "sha512-f1Br5bI+INNDifjkOI1woZsIxsoW0rRej/4kaaJvZcMxxkSG9TMT2LYOjTF2g+DtXw32lsGvWICN6c3JiHeG7Q==",
      "cpu": [
        "x64"
      ],
      "license": "MIT",
      "optional": true,
      "os": [
        "win32"
      ],
      "engines": {
        "node": ">= 10.16.0 < 11 || >= 11.8.0 < 12 || >= 12.0.0"
      }
    },
    "node_modules/@qwen-code/qwen-code/node_modules/detect-libc": {
      "version": "2.1.2",
      "resolved": "https://registry.npmjs.org/detect-libc/-/detect-libc-2.1.2.tgz",
      "integrity": "sha512-Btj2BOOO83o3WyH59e8MgXsxEQVcarkUOpEYrubB0urwnN10yQ364rsiByU11nZlqWYZm05i/of7io4mzihBtQ==",
      "license": "Apache-2.0",
      "optional": true,
      "engines": {
        "node": ">=8"
      }
    },
    "node_modules/@qwen-code/qwen-code/node_modules/node-gyp-build": {
      "version": "4.8.4",
      "resolved": "https://registry.npmjs.org/node-gyp-build/-/node-gyp-build-4.8.4.tgz",
      "integrity": "sha512-LA4ZjwlnUblHVgq0oBF3Jl/6h/Nvs5fzBLwdEF4nuxnFdsfajde4WfxtJr3CaiH+F6ewcIB/q4jQ4UzPyid+CQ==",
      "license": "MIT",
      "optional": true,
      "bin": {
        "node-gyp-build": "bin.js",
        "node-gyp-build-optional": "optional.js",
        "node-gyp-build-test": "build-test.js"
      }
    },
    "node_modules/@qwen-code/qwen-code/node_modules/semver": {
      "version": "7.8.5",
      "resolved": "https://registry.npmjs.org/semver/-/semver-7.8.5.tgz",
      "integrity": "sha512-Y7/KDsb8LjooZpwaqGyulO6DQlksgCncchHGk+sZIY4SBvUocMBEFH5Ur1fI4dV+Jvl0w6cjvucaIi40puRioA==",
      "license": "ISC",
      "optional": true,
      "bin": {
        "semver": "bin/semver.js"
      },
      "engines": {
        "node": ">=10"
      }
    },
    "node_modules/@qwen-code/qwen-code/node_modules/sharp": {
      "version": "0.35.3",
      "resolved": "https://registry.npmjs.org/sharp/-/sharp-0.35.3.tgz",
      "integrity": "sha512-ej0zVHuZGHCiABXcNxeYhpRnPNPAcvbG8RMdBAhDAxLKkCRVSpK3Iyu7qbqw3JMzoj0REeM6f3tJLtVwl0023Q==",
      "license": "Apache-2.0",
      "optional": true,
      "dependencies": {
        "@img/colour": "^1.1.0",
        "detect-libc": "^2.1.2",
        "semver": "^7.8.5"
      },
      "engines": {
        "node": ">=20.9.0"
      },
      "funding": {
        "url": "https://opencollective.com/libvips"
      },
      "optionalDependencies": {
        "@img/sharp-darwin-arm64": "0.35.3",
        "@img/sharp-darwin-x64": "0.35.3",
        "@img/sharp-freebsd-wasm32": "0.35.3",
        "@img/sharp-libvips-darwin-arm64": "1.3.2",
        "@img/sharp-libvips-darwin-x64": "1.3.2",
        "@img/sharp-libvips-linux-arm": "1.3.2",
        "@img/sharp-libvips-linux-arm64": "1.3.2",
        "@img/sharp-libvips-linux-ppc64": "1.3.2",
        "@img/sharp-libvips-linux-riscv64": "1.3.2",
        "@img/sharp-libvips-linux-s390x": "1.3.2",
        "@img/sharp-libvips-linux-x64": "1.3.2",
        "@img/sharp-libvips-linuxmusl-arm64": "1.3.2",
        "@img/sharp-libvips-linuxmusl-x64": "1.3.2",
        "@img/sharp-linux-arm": "0.35.3",
        "@img/sharp-linux-arm64": "0.35.3",
        "@img/sharp-linux-ppc64": "0.35.3",
        "@img/sharp-linux-riscv64": "0.35.3",
        "@img/sharp-linux-s390x": "0.35.3",
        "@img/sharp-linux-x64": "0.35.3",
        "@img/sharp-linuxmusl-arm64": "0.35.3",
        "@img/sharp-linuxmusl-x64": "0.35.3",
        "@img/sharp-webcontainers-wasm32": "0.35.3",
        "@img/sharp-win32-arm64": "0.35.3",
        "@img/sharp-win32-ia32": "0.35.3",
        "@img/sharp-win32-x64": "0.35.3"
      },
      "peerDependenciesMeta": {
        "@types/node": {
          "optional": true
        }
      }
    },
    "node_modules/@qwen-code/qwen-code/node_modules/tslib": {
      "version": "2.8.1",
      "resolved": "https://registry.npmjs.org/tslib/-/tslib-2.8.1.tgz",
      "integrity": "sha512-oJFu94HQb+KVduSUQL7wnpmqnfmLsOA/nAh6b6EH0wCEoK0/mPeXU6c3wKDV83MkOuHPRHtSXKKU99IBazS/2w==",
      "license": "0BSD",
      "optional": true
    }
  }
}
