{
  "name": "@github/copilot-installer",
  "version": "1.0.0",
  "lockfileVersion": 3,
  "requires": true,
  "packages": {
    "": {
      "name": "@github/copilot-installer",
      "version": "1.0.0",
      "dependencies": {
        "@github/copilot": "^1.0.10"
      }
    },
    "node_modules/@github/copilot": {
      "version": "1.0.10",
      "resolved": "https://registry.npmjs.org/@github/copilot/-/copilot-1.0.10.tgz",
      "integrity": "sha512-RpHYMXYpyAgQLYQ3MB8ubV8zMn/zDatwaNmdxcC8ws7jqM+Ojy7Dz4KFKzyT0rCrWoUCAEBXsXoPbP0LY0FgLw==",
      "license": "SEE LICENSE IN LICENSE.md",
      "bin": {
        "copilot": "npm-loader.js"
      },
      "optionalDependencies": {
        "@github/copilot-darwin-arm64": "1.0.10",
        "@github/copilot-darwin-x64": "1.0.10",
        "@github/copilot-linux-arm64": "1.0.10",
        "@github/copilot-linux-x64": "1.0.10",
        "@github/copilot-win32-arm64": "1.0.10",
        "@github/copilot-win32-x64": "1.0.10"
      }
    },
    "node_modules/@github/copilot/node_modules/@github/copilot-darwin-arm64": {
      "version": "1.0.10",
      "resolved": "https://registry.npmjs.org/@github/copilot-darwin-arm64/-/copilot-darwin-arm64-1.0.10.tgz",
      "integrity": "sha512-MNlzwkTQ9iUgHQ+2Z25D0KgYZDEl4riEa1Z4/UCNpHXmmBiIY8xVRbXZTNMB69cnagjQ5Z8D2QM2BjI0kqeFPg==",
      "cpu": [
        "arm64"
      ],
      "license": "SEE LICENSE IN LICENSE.md",
      "optional": true,
      "os": [
        "darwin"
      ],
      "bin": {
        "copilot-darwin-arm64": "copilot"
      }
    },
    "node_modules/@github/copilot/node_modules/@github/copilot-darwin-x64": {
      "version": "1.0.10",
      "resolved": "https://registry.npmjs.org/@github/copilot-darwin-x64/-/copilot-darwin-x64-1.0.10.tgz",
      "integrity": "sha512-zAQBCbEue/n4xHBzE9T03iuupVXvLtu24MDMeXXtIC0d4O+/WV6j1zVJrp9Snwr0MBWYH+wUrV74peDDdd1VOQ==",
      "cpu": [
        "x64"
      ],
      "license": "SEE LICENSE IN LICENSE.md",
      "optional": true,
      "os": [
        "darwin"
      ],
      "bin": {
        "copilot-darwin-x64": "copilot"
      }
    },
    "node_modules/@github/copilot/node_modules/@github/copilot-linux-arm64": {
      "version": "1.0.10",
      "resolved": "https://registry.npmjs.org/@github/copilot-linux-arm64/-/copilot-linux-arm64-1.0.10.tgz",
      "integrity": "sha512-7mJ3uLe7ITyRi2feM1rMLQ5d0bmUGTUwV1ZxKZwSzWCYmuMn05pg4fhIUdxZZZMkLbOl3kG/1J7BxMCTdS2w7A==",
      "cpu": [
        "arm64"
      ],
      "license": "SEE LICENSE IN LICENSE.md",
      "optional": true,
      "os": [
        "linux"
      ],
      "bin": {
        "copilot-linux-arm64": "copilot"
      }
    },
    "node_modules/@github/copilot/node_modules/@github/copilot-linux-x64": {
      "version": "1.0.10",
      "resolved": "https://registry.npmjs.org/@github/copilot-linux-x64/-/copilot-linux-x64-1.0.10.tgz",
      "integrity": "sha512-66NPaxroRScNCs6TZGX3h1RSKtzew0tcHBkj4J1AHkgYLjNHMdjjBwokGtKeMxzYOCAMBbmJkUDdNGkqsKIKUA==",
      "cpu": [
        "x64"
      ],
      "license": "SEE LICENSE IN LICENSE.md",
      "optional": true,
      "os": [
        "linux"
      ],
      "bin": {
        "copilot-linux-x64": "copilot"
      }
    },
    "node_modules/@github/copilot/node_modules/@github/copilot-win32-arm64": {
      "version": "1.0.10",
      "resolved": "https://registry.npmjs.org/@github/copilot-win32-arm64/-/copilot-win32-arm64-1.0.10.tgz",
      "integrity": "sha512-WC5M+M75sxLn4lvZ1wPA1Lrs/vXFisPXJPCKbKOMKqzwMLX/IbuybTV4dZDIyGEN591YmOdRIylUF0tVwO8Zmw==",
      "cpu": [
        "arm64"
      ],
      "license": "SEE LICENSE IN LICENSE.md",
      "optional": true,
      "os": [
        "win32"
      ],
      "bin": {
        "copilot-win32-arm64": "copilot.exe"
      }
    },
    "node_modules/@github/copilot/node_modules/@github/copilot-win32-x64": {
      "version": "1.0.10",
      "resolved": "https://registry.npmjs.org/@github/copilot-win32-x64/-/copilot-win32-x64-1.0.10.tgz",
      "integrity": "sha512-tUfIwyamd0zpm9DVTtbjIWF6j3zrA5A5IkkiuRgsy0HRJPQpeAV7ZYaHEZteHrynaULpl1Gn/Dq0IB4hYc4QtQ==",
      "cpu": [
        "x64"
      ],
      "license": "SEE LICENSE IN LICENSE.md",
      "optional": true,
      "os": [
        "win32"
      ],
      "bin": {
        "copilot-win32-x64": "copilot.exe"
      }
    }
  }
}
