{
  "name": "@github/copilot-installer",
  "version": "1.0.0",
  "lockfileVersion": 3,
  "requires": true,
  "packages": {
    "": {
      "name": "@github/copilot-installer",
      "version": "1.0.0",
      "dependencies": {
        "@github/copilot": "^0.0.353"
      }
    },
    "node_modules/@github/copilot": {
      "version": "0.0.353",
      "resolved": "https://registry.npmjs.org/@github/copilot/-/copilot-0.0.353.tgz",
      "integrity": "sha512-OYgCB4Jf7Y/Wor8mNNQcXEt1m1koYm/WwjGsr5mwABSVYXArWUeEfXqVbx+7O87ld5b+aWy2Zaa2bzKV8dmqaw==",
      "license": "SEE LICENSE IN LICENSE.md",
      "bin": {
        "copilot": "index.js"
      },
      "engines": {
        "node": ">=22"
      }
    }
  }
}
