{
  "name": "@github/copilot-language-server-installer",
  "version": "1.0.0",
  "lockfileVersion": 3,
  "requires": true,
  "packages": {
    "": {
      "name": "@github/copilot-language-server-installer",
      "version": "1.0.0",
      "dependencies": {
        "@github/copilot-language-server": "^1.549.0"
      }
    },
    "node_modules/@github/copilot-language-server": {
      "version": "1.549.0",
      "resolved": "https://registry.npmjs.org/@github/copilot-language-server/-/copilot-language-server-1.549.0.tgz",
      "integrity": "sha512-vr1Brd+rrqIttOFca8Xu8M6N9nQWKfakm+WNPKwBpfmCWU5AockXsZaRDZ9L8zEJNg9u2+DIRX1fwHh/C2xbqA==",
      "license": "MIT",
      "dependencies": {
        "vscode-languageserver-protocol": "^3.17.5"
      },
      "bin": {
        "copilot-language-server": "dist/language-server.js"
      },
      "optionalDependencies": {
        "@github/copilot-darwin-arm64": "1.0.85",
        "@github/copilot-darwin-x64": "1.0.85",
        "@github/copilot-language-server-darwin-arm64": "1.549.0",
        "@github/copilot-language-server-darwin-x64": "1.549.0",
        "@github/copilot-language-server-linux-arm64": "1.549.0",
        "@github/copilot-language-server-linux-x64": "1.549.0",
        "@github/copilot-language-server-win32-arm64": "1.549.0",
        "@github/copilot-language-server-win32-x64": "1.549.0",
        "@github/copilot-linux-arm64": "1.0.85",
        "@github/copilot-linux-x64": "1.0.85",
        "@github/copilot-sdk-darwin-arm64": "1.0.14",
        "@github/copilot-sdk-darwin-x64": "1.0.14",
        "@github/copilot-sdk-linux-arm64": "1.0.14",
        "@github/copilot-sdk-linux-x64": "1.0.14",
        "@github/copilot-sdk-win32-arm64": "1.0.14",
        "@github/copilot-sdk-win32-x64": "1.0.14",
        "@github/copilot-win32-arm64": "1.0.85",
        "@github/copilot-win32-x64": "1.0.85"
      }
    },
    "node_modules/@github/copilot-language-server/node_modules/@github/copilot-darwin-arm64": {
      "version": "1.0.85",
      "resolved": "https://registry.npmjs.org/@github/copilot-darwin-arm64/-/copilot-darwin-arm64-1.0.85.tgz",
      "integrity": "sha512-FqoLTSpgJanY1FmuE2636Fxup9sc5w/VnNzvF8OLyXHtlwWzNm21Zl8an9/MOJHEt1442EUxZlgjItdVdeW7Fg==",
      "cpu": [
        "arm64"
      ],
      "license": "SEE LICENSE IN LICENSE.md",
      "optional": true,
      "os": [
        "darwin"
      ],
      "bin": {
        "copilot-darwin-arm64": "copilot"
      }
    },
    "node_modules/@github/copilot-language-server/node_modules/@github/copilot-darwin-x64": {
      "version": "1.0.85",
      "resolved": "https://registry.npmjs.org/@github/copilot-darwin-x64/-/copilot-darwin-x64-1.0.85.tgz",
      "integrity": "sha512-nTNJQfP6fZA4HkOneFPlTBtIOnocu9mavlZ7vL+wwgZl+YgVAKnbFwa0OGzSJVZSTr16XtW95rGL/bD88XkJFQ==",
      "cpu": [
        "x64"
      ],
      "license": "SEE LICENSE IN LICENSE.md",
      "optional": true,
      "os": [
        "darwin"
      ],
      "bin": {
        "copilot-darwin-x64": "copilot"
      }
    },
    "node_modules/@github/copilot-language-server/node_modules/@github/copilot-language-server-darwin-arm64": {
      "version": "1.549.0",
      "resolved": "https://registry.npmjs.org/@github/copilot-language-server-darwin-arm64/-/copilot-language-server-darwin-arm64-1.549.0.tgz",
      "integrity": "sha512-0eEzefwme1R2+d9RIDbGLnB7oTyfzdVUGBNkcsa3dvoWDKebm90LaYowhrs60FnPvopcG3BMFtERLXCOJKXQ3w==",
      "cpu": [
        "arm64"
      ],
      "license": "MIT",
      "optional": true,
      "os": [
        "darwin"
      ]
    },
    "node_modules/@github/copilot-language-server/node_modules/@github/copilot-language-server-darwin-x64": {
      "version": "1.549.0",
      "resolved": "https://registry.npmjs.org/@github/copilot-language-server-darwin-x64/-/copilot-language-server-darwin-x64-1.549.0.tgz",
      "integrity": "sha512-jHZs3hEZ/w69sedOADV7iiHMdgy3S5JrAwJv+OMxmtUpO9cD+6HBSZY/POo0cAijMFJ37iWb9nzo+bG2z5KPrA==",
      "cpu": [
        "x64"
      ],
      "license": "MIT",
      "optional": true,
      "os": [
        "darwin"
      ]
    },
    "node_modules/@github/copilot-language-server/node_modules/@github/copilot-language-server-linux-arm64": {
      "version": "1.549.0",
      "resolved": "https://registry.npmjs.org/@github/copilot-language-server-linux-arm64/-/copilot-language-server-linux-arm64-1.549.0.tgz",
      "integrity": "sha512-yHfO5h8+yvuLiNCZyI4MOCkRzNdZhovN6cSGQrLZH9D120liMTme6xowoVqq7pVr9tVuXxCPc61jG1LuiA1JIg==",
      "cpu": [
        "arm64"
      ],
      "license": "MIT",
      "optional": true,
      "os": [
        "linux"
      ]
    },
    "node_modules/@github/copilot-language-server/node_modules/@github/copilot-language-server-linux-x64": {
      "version": "1.549.0",
      "resolved": "https://registry.npmjs.org/@github/copilot-language-server-linux-x64/-/copilot-language-server-linux-x64-1.549.0.tgz",
      "integrity": "sha512-/Dfn3uF5cio7j/HUkSUemG62Cw8jwiy5AT1arCG/m+MdFh0pSZvdJiVjD2KqVNktz/DUbHlhC9wG3naAQeF6/w==",
      "cpu": [
        "x64"
      ],
      "license": "MIT",
      "optional": true,
      "os": [
        "linux"
      ]
    },
    "node_modules/@github/copilot-language-server/node_modules/@github/copilot-language-server-win32-arm64": {
      "version": "1.549.0",
      "resolved": "https://registry.npmjs.org/@github/copilot-language-server-win32-arm64/-/copilot-language-server-win32-arm64-1.549.0.tgz",
      "integrity": "sha512-5+J8TG9yRCeBsWpyZ3R+Bdz6kPNUP/MmWz2+fzYXJ8y6WkmuepLF38KMlITTHQzDmY61VT12Zd5lUxDGa683hg==",
      "cpu": [
        "arm64"
      ],
      "license": "MIT",
      "optional": true,
      "os": [
        "win32"
      ]
    },
    "node_modules/@github/copilot-language-server/node_modules/@github/copilot-language-server-win32-x64": {
      "version": "1.549.0",
      "resolved": "https://registry.npmjs.org/@github/copilot-language-server-win32-x64/-/copilot-language-server-win32-x64-1.549.0.tgz",
      "integrity": "sha512-codbXGtcoxdsEYql6J5bhRxNyg8E+x4id+y+yGDEZH8KceSi6/MNsWDNuv2Rb4rdJbVRT0WBwWBFpq0aHWdnwQ==",
      "cpu": [
        "x64"
      ],
      "license": "MIT",
      "optional": true,
      "os": [
        "win32"
      ]
    },
    "node_modules/@github/copilot-language-server/node_modules/@github/copilot-linux-arm64": {
      "version": "1.0.85",
      "resolved": "https://registry.npmjs.org/@github/copilot-linux-arm64/-/copilot-linux-arm64-1.0.85.tgz",
      "integrity": "sha512-VhiYw/N4mOzGH7AG7h+e2eZ/dlnaS5+BwmnOFOMvzj/fjBCFbzLB8+l/3sHkNh/pmwnqwztGMkm0u2UWmlAxZw==",
      "cpu": [
        "arm64"
      ],
      "libc": [
        "glibc"
      ],
      "license": "SEE LICENSE IN LICENSE.md",
      "optional": true,
      "os": [
        "linux"
      ],
      "bin": {
        "copilot-linux-arm64": "copilot"
      }
    },
    "node_modules/@github/copilot-language-server/node_modules/@github/copilot-linux-x64": {
      "version": "1.0.85",
      "resolved": "https://registry.npmjs.org/@github/copilot-linux-x64/-/copilot-linux-x64-1.0.85.tgz",
      "integrity": "sha512-2P7bRLwPjZjWY+wI7H2tOZX6Wv6nS3Lc/m2tAWigS9MwH91YpUnJpHUCXSvRW7Q3shFKzFw4KeKL+OOz5pxGRA==",
      "cpu": [
        "x64"
      ],
      "libc": [
        "glibc"
      ],
      "license": "SEE LICENSE IN LICENSE.md",
      "optional": true,
      "os": [
        "linux"
      ],
      "bin": {
        "copilot-linux-x64": "copilot"
      }
    },
    "node_modules/@github/copilot-language-server/node_modules/@github/copilot-sdk-darwin-arm64": {
      "version": "1.0.14",
      "resolved": "https://registry.npmjs.org/@github/copilot-sdk-darwin-arm64/-/copilot-sdk-darwin-arm64-1.0.14.tgz",
      "integrity": "sha512-ABvcmAiKl6r8OVeHDNPFgVjhdWYliVuySlTjauNxbhhfKbrGAiEdb2wZyIqdenxPQrUXjK5iUq39oNohpfUDHQ==",
      "cpu": [
        "arm64"
      ],
      "license": "MIT",
      "optional": true,
      "os": [
        "darwin"
      ]
    },
    "node_modules/@github/copilot-language-server/node_modules/@github/copilot-sdk-darwin-x64": {
      "version": "1.0.14",
      "resolved": "https://registry.npmjs.org/@github/copilot-sdk-darwin-x64/-/copilot-sdk-darwin-x64-1.0.14.tgz",
      "integrity": "sha512-p7rL65ORq0bsq7geje3NL/HpPWXMYiII6AiS3wNWR947wdap6YEjVKI3MKmbx8JD+EfTqLW7uTQhlKMReZwlEA==",
      "cpu": [
        "x64"
      ],
      "license": "MIT",
      "optional": true,
      "os": [
        "darwin"
      ]
    },
    "node_modules/@github/copilot-language-server/node_modules/@github/copilot-sdk-linux-arm64": {
      "version": "1.0.14",
      "resolved": "https://registry.npmjs.org/@github/copilot-sdk-linux-arm64/-/copilot-sdk-linux-arm64-1.0.14.tgz",
      "integrity": "sha512-08ocvNmme++Tf/kAbppleJqE/GWUmLn4LUSf+6ZkmWspOXkoF3YRWBlVKNlZZXRBZ8MexJJ8Naci+ky5m55UmQ==",
      "cpu": [
        "arm64"
      ],
      "libc": [
        "glibc"
      ],
      "license": "MIT",
      "optional": true,
      "os": [
        "linux"
      ]
    },
    "node_modules/@github/copilot-language-server/node_modules/@github/copilot-sdk-linux-x64": {
      "version": "1.0.14",
      "resolved": "https://registry.npmjs.org/@github/copilot-sdk-linux-x64/-/copilot-sdk-linux-x64-1.0.14.tgz",
      "integrity": "sha512-1wlAVTK1z7ovAez0tixr+f77TnjB3fqKobamu1pG7FYyCTwQuyU4p1aWNXF9j/u1d7rxSY1n9cAxrtEAUkizbg==",
      "cpu": [
        "x64"
      ],
      "libc": [
        "glibc"
      ],
      "license": "MIT",
      "optional": true,
      "os": [
        "linux"
      ]
    },
    "node_modules/@github/copilot-language-server/node_modules/@github/copilot-sdk-win32-arm64": {
      "version": "1.0.14",
      "resolved": "https://registry.npmjs.org/@github/copilot-sdk-win32-arm64/-/copilot-sdk-win32-arm64-1.0.14.tgz",
      "integrity": "sha512-GZiw+r+6yNhPlsT1y1sDzUR8HRnduJZFdZzhjNQi+VC0GkdZiYz12yiABwLhN9FxSD079Y4FsNUHiCLUdskNcA==",
      "cpu": [
        "arm64"
      ],
      "license": "MIT",
      "optional": true,
      "os": [
        "win32"
      ]
    },
    "node_modules/@github/copilot-language-server/node_modules/@github/copilot-sdk-win32-x64": {
      "version": "1.0.14",
      "resolved": "https://registry.npmjs.org/@github/copilot-sdk-win32-x64/-/copilot-sdk-win32-x64-1.0.14.tgz",
      "integrity": "sha512-+HCmPN4GKbLBdRcutdmxh9bKrRWEEA6g6jwG3lCbtExa5OKfi5QAtubsDjdBlq3HzPDU/csIlaRTJ/q3vik2oQ==",
      "cpu": [
        "x64"
      ],
      "license": "MIT",
      "optional": true,
      "os": [
        "win32"
      ]
    },
    "node_modules/@github/copilot-language-server/node_modules/@github/copilot-win32-arm64": {
      "version": "1.0.85",
      "resolved": "https://registry.npmjs.org/@github/copilot-win32-arm64/-/copilot-win32-arm64-1.0.85.tgz",
      "integrity": "sha512-WXZOcjtPbmdgDgfU6UJuTTC/5cHhgzqNyNOvJC1LttwFQuzddFITGKMKbbki9op09jFxa6IW9CfTWbvud6x+Qg==",
      "cpu": [
        "arm64"
      ],
      "license": "SEE LICENSE IN LICENSE.md",
      "optional": true,
      "os": [
        "win32"
      ],
      "bin": {
        "copilot-win32-arm64": "copilot.exe"
      }
    },
    "node_modules/@github/copilot-language-server/node_modules/@github/copilot-win32-x64": {
      "version": "1.0.85",
      "resolved": "https://registry.npmjs.org/@github/copilot-win32-x64/-/copilot-win32-x64-1.0.85.tgz",
      "integrity": "sha512-8OY+GLhvghDkDJHFu0wYpemC4y7z/RcF89ZOQffUJx8qf8GsCfW2C3OnVu5RtpmUrT3vNI7WoEFgTkzqgkCa1g==",
      "cpu": [
        "x64"
      ],
      "license": "SEE LICENSE IN LICENSE.md",
      "optional": true,
      "os": [
        "win32"
      ],
      "bin": {
        "copilot-win32-x64": "copilot.exe"
      }
    },
    "node_modules/@github/copilot-language-server/node_modules/vscode-jsonrpc": {
      "version": "9.0.2",
      "resolved": "https://registry.npmjs.org/vscode-jsonrpc/-/vscode-jsonrpc-9.0.2.tgz",
      "integrity": "sha512-SbQSV9yRemARxeXw6LU5sS6Zq0e9/DgCCX5yelH263ZQWukbTk8EF8fjTrr1dziasf4GwlJbvTwFnTrnQFWZXQ==",
      "license": "MIT",
      "engines": {
        "node": ">=14.0.0"
      }
    },
    "node_modules/@github/copilot-language-server/node_modules/vscode-languageserver-protocol": {
      "version": "3.18.3",
      "resolved": "https://registry.npmjs.org/vscode-languageserver-protocol/-/vscode-languageserver-protocol-3.18.3.tgz",
      "integrity": "sha512-DF49+WeV5py4zO5hhobp60jjsDSK0lAqA0OuKBLBvp423HPWQcCbhZz3JgyfIewsEz2f8U+X75xNIFHdiXZm2w==",
      "license": "MIT",
      "dependencies": {
        "vscode-jsonrpc": "9.0.2",
        "vscode-languageserver-types": "3.18.3"
      }
    },
    "node_modules/@github/copilot-language-server/node_modules/vscode-languageserver-types": {
      "version": "3.18.3",
      "resolved": "https://registry.npmjs.org/vscode-languageserver-types/-/vscode-languageserver-types-3.18.3.tgz",
      "integrity": "sha512-XIlzJ7Qp/jzSI1ds7/FwPAWrPeTZA7pAtlW4hdJ1J6xXWJL6dR9QYnDhJOdLzdKhUQ5Mm6mvUMw+3DcOQQasPw==",
      "license": "MIT"
    }
  }
}
