--- Cargo.lock.orig	2023-11-27 22:02:10.307152728 +0100
+++ Cargo.lock	2023-11-27 22:02:36.794399157 +0100
@@ -2000,9 +2000,9 @@
 
 [[package]]
 name = "openssl"
-version = "0.10.57"
+version = "0.10.60"
 source = "registry+https://github.com/rust-lang/crates.io-index"
-checksum = "bac25ee399abb46215765b1cb35bc0212377e58a061560d8b29b024fd0430e7c"
+checksum = "79a4c6c3a2b158f7f8f2a2fc5a969fa3a068df6fc9dbb4a43845436e3af7c800"
 dependencies = [
  "bitflags 2.4.1",
  "cfg-if",
@@ -2032,18 +2032,18 @@
 
 [[package]]
 name = "openssl-src"
-version = "111.28.0+1.1.1w"
+version = "300.1.6+3.1.4"
 source = "registry+https://github.com/rust-lang/crates.io-index"
-checksum = "3ce95ee1f6f999dfb95b8afd43ebe442758ea2104d1ccb99a94c30db22ae701f"
+checksum = "439fac53e092cd7442a3660c85dde4643ab3b5bd39040912388dcdabf6b88085"
 dependencies = [
  "cc",
 ]
 
 [[package]]
 name = "openssl-sys"
-version = "0.9.92"
+version = "0.9.96"
 source = "registry+https://github.com/rust-lang/crates.io-index"
-checksum = "db7e971c2c2bba161b2d2fdf37080177eff520b3bc044787c7f1f5f9e78d869b"
+checksum = "3812c071ba60da8b5677cc12bcb1d42989a65553772897a7e0355545a819838f"
 dependencies = [
  "cc",
  "libc",
