--- Cargo.lock.orig	2023-11-08 12:15:54 UTC
+++ Cargo.lock
@@ -1949,9 +1949,9 @@ name = "openssl"
 
 [[package]]
 name = "openssl"
-version = "0.10.57"
+version = "0.10.59"
 source = "registry+https://github.com/rust-lang/crates.io-index"
-checksum = "bac25ee399abb46215765b1cb35bc0212377e58a061560d8b29b024fd0430e7c"
+checksum = "7a257ad03cd8fb16ad4172fedf8094451e1af1c4b70097636ef2eac9a5f0cc33"
 dependencies = [
  "bitflags 2.4.1",
  "cfg-if",
@@ -1981,18 +1981,18 @@ name = "openssl-src"
 
 [[package]]
 name = "openssl-src"
-version = "111.28.0+1.1.1w"
+version = "300.1.6+3.1.4"
 source = "registry+https://github.com/rust-lang/crates.io-index"
-checksum = "3ce95ee1f6f999dfb95b8afd43ebe442758ea2104d1ccb99a94c30db22ae701f"
+checksum = "439fac53e092cd7442a3660c85dde4643ab3b5bd39040912388dcdabf6b88085"
 dependencies = [
  "cc",
 ]
 
 [[package]]
 name = "openssl-sys"
-version = "0.9.92"
+version = "0.9.95"
 source = "registry+https://github.com/rust-lang/crates.io-index"
-checksum = "db7e971c2c2bba161b2d2fdf37080177eff520b3bc044787c7f1f5f9e78d869b"
+checksum = "40a4130519a360279579c2053038317e40eff64d13fd3f004f9e1b72b8a6aaf9"
 dependencies = [
  "cc",
  "libc",
