--- Cargo.lock.orig	2023-06-25 14:18:03 UTC
+++ Cargo.lock
@@ -1675,15 +1675,6 @@ checksum = "ff011a302c396a5197692431fc1948019154afc178
 checksum = "ff011a302c396a5197692431fc1948019154afc178baf7d8e37367442a4601cf"
 
 [[package]]
-name = "openssl-src"
-version = "111.25.1+1.1.1t"
-source = "registry+https://github.com/rust-lang/crates.io-index"
-checksum = "1ef9a9cc6ea7d9d5e7c4a913dc4b48d0e359eddf01af1dfec96ba7064b4aba10"
-dependencies = [
- "cc",
-]
-
-[[package]]
 name = "openssl-sys"
 version = "0.9.84"
 source = "registry+https://github.com/rust-lang/crates.io-index"
@@ -1691,7 +1682,6 @@ dependencies = [
 dependencies = [
  "cc",
  "libc",
- "openssl-src",
  "pkg-config",
  "vcpkg",
 ]
