--- Cargo.lock.orig	2025-02-01 14:19:08 UTC
+++ Cargo.lock
@@ -2836,15 +2836,6 @@ checksum = "ff011a302c396a5197692431fc1948019154afc178
 checksum = "ff011a302c396a5197692431fc1948019154afc178baf7d8e37367442a4601cf"
 
 [[package]]
-name = "openssl-src"
-version = "300.4.0+3.4.0"
-source = "registry+https://github.com/rust-lang/crates.io-index"
-checksum = "a709e02f2b4aca747929cca5ed248880847c650233cf8b8cdc48f40aaf4898a6"
-dependencies = [
- "cc",
-]
-
-[[package]]
 name = "openssl-sys"
 version = "0.9.104"
 source = "registry+https://github.com/rust-lang/crates.io-index"
@@ -2852,7 +2843,6 @@ dependencies = [
 dependencies = [
  "cc",
  "libc",
- "openssl-src",
  "pkg-config",
  "vcpkg",
 ]
