--- Cargo.lock.orig	2026-08-04 02:53:28 UTC
+++ Cargo.lock
@@ -4,9 +4,9 @@ name = "aho-corasick"
 
 [[package]]
 name = "aho-corasick"
-version = "1.1.4"
+version = "1.1.5"
 source = "registry+https://github.com/rust-lang/crates.io-index"
-checksum = "ddd31a130427c27518df266943a5308ed92d4b226cc639f5a8f1002816174301"
+checksum = "c982642fa9e8606056828ee9a8505737230110bb1099153c79efe865c59d12ba"
 dependencies = [
  "memchr",
 ]
@@ -14,6 +14,8 @@ version = "0.2.14"
 [[package]]
 name = "airframe"
 version = "0.2.14"
+source = "registry+https://github.com/rust-lang/crates.io-index"
+checksum = "167be42f665e67afaa9a7e265f48d5ea8b3b458bf9954a9c4926e009636bb133"
 dependencies = [
  "aho-corasick",
  "airframe-observe",
@@ -40,6 +42,8 @@ version = "0.1.2"
 [[package]]
 name = "airframe-observe"
 version = "0.1.2"
+source = "registry+https://github.com/rust-lang/crates.io-index"
+checksum = "78c75580a78cbb0eb65e8761a4a54433a36c19780540b41b3656d5b03b8056f6"
 dependencies = [
  "dzero",
  "serde",
@@ -607,9 +611,9 @@ name = "data-encoding"
 
 [[package]]
 name = "data-encoding"
-version = "2.11.0"
+version = "2.11.1"
 source = "registry+https://github.com/rust-lang/crates.io-index"
-checksum = "a4ae5f15dda3c708c0ade84bfee31ccab44a3da4f88015ed22f63732abe300c8"
+checksum = "4583a4551df46e2792f82ceeac45e850d2e2d5debba0b91f102385cda5b11f06"
 
 [[package]]
 name = "difflib"
@@ -1282,9 +1286,9 @@ name = "ipnet"
 
 [[package]]
 name = "ipnet"
-version = "2.12.0"
+version = "2.12.1"
 source = "registry+https://github.com/rust-lang/crates.io-index"
-checksum = "d98f6fed1fde3f8c21bc40a1abb88dd75e67924f9cffc3ef95607bad8017f8e2"
+checksum = "6a756c3fac73139e83f14c2d742155dd2b78d3ee56597b419a0579b7bdd6dd78"
 
 [[package]]
 name = "is-terminal"
@@ -1389,6 +1393,8 @@ version = "0.1.3"
 [[package]]
 name = "libfse"
 version = "0.1.3"
+source = "registry+https://github.com/rust-lang/crates.io-index"
+checksum = "20ae97c006f0decc1514d5b6168f2a3506d80458fef022d75a3e9ed69d9b85e9"
 dependencies = [
  "aho-corasick",
 ]
@@ -1411,9 +1417,9 @@ name = "libredox"
 
 [[package]]
 name = "libredox"
-version = "0.1.18"
+version = "0.1.19"
 source = "registry+https://github.com/rust-lang/crates.io-index"
-checksum = "c943259e342f1e06ff2da7a83eabdfe7f92ce10262688dbf1895ff0b3e6e4652"
+checksum = "2026a5056764a10b2bf5d56488cba40da507f5493a6a429340e2004d9ed085fa"
 dependencies = [
  "libc",
 ]
